// !$*UTF8*$!
{
	archiveVersion = 1;
	classes = {
	};
	objectVersion = 90;
	objects = {

/* Begin PBXBuildFile section */
		F302462A2DDC680400999146 /* App Card Image.swift in Sources */ = {isa = PBXBuildFile; fileRef = F30246292DDC680400999146 /* App Card Image.swift */; };
		F302462C2DDC6AAE00999146 /* User Defaults.swift in Sources */ = {isa = PBXBuildFile; fileRef = F302462B2DDC6AAE00999146 /* User Defaults.swift */; };
		F3116C062DF57496009521DE /* App Version Card VM.swift in Sources */ = {isa = PBXBuildFile; fileRef = F3116C052DF57496009521DE /* App Version Card VM.swift */; };
		F3116C072DF57496009521DE /* App Version Card VM.swift in Sources */ = {isa = PBXBuildFile; fileRef = F3116C052DF57496009521DE /* App Version Card VM.swift */; };
		F3116C092DF574A5009521DE /* ADP Status Response.swift in Sources */ = {isa = PBXBuildFile; fileRef = F3116C082DF574A5009521DE /* ADP Status Response.swift */; };
		F3116C0A2DF574A5009521DE /* ADP Status Response.swift in Sources */ = {isa = PBXBuildFile; fileRef = F3116C082DF574A5009521DE /* ADP Status Response.swift */; };
		F3116C0C2DF5F688009521DE /* Error.swift in Sources */ = {isa = PBXBuildFile; fileRef = F3116C0B2DF5F688009521DE /* Error.swift */; };
		F3116C0D2DF5F688009521DE /* Error.swift in Sources */ = {isa = PBXBuildFile; fileRef = F3116C0B2DF5F688009521DE /* Error.swift */; };
		F31D32112DDD081E00E7B121 /* Build Details Progress.swift in Sources */ = {isa = PBXBuildFile; fileRef = F31D32102DDD081E00E7B121 /* Build Details Progress.swift */; };
		F31D32132DDD13FE00E7B121 /* Action Card.swift in Sources */ = {isa = PBXBuildFile; fileRef = F31D32122DDD13FE00E7B121 /* Action Card.swift */; };
		F31D32152DDD17C600E7B121 /* Action Details.swift in Sources */ = {isa = PBXBuildFile; fileRef = F31D32142DDD17C600E7B121 /* Action Details.swift */; };
		F31D32172DDD18A200E7B121 /* Issue Card.swift in Sources */ = {isa = PBXBuildFile; fileRef = F31D32162DDD18A200E7B121 /* Issue Card.swift */; };
		F31D321B2DDD1AA300E7B121 /* CiIssue.swift in Sources */ = {isa = PBXBuildFile; fileRef = F31D321A2DDD1AA300E7B121 /* CiIssue.swift */; };
		F31D321D2DDD20F100E7B121 /* Action VM.swift in Sources */ = {isa = PBXBuildFile; fileRef = F31D321C2DDD20F100E7B121 /* Action VM.swift */; };
		F31D321F2DDD242600E7B121 /* Artifact Card.swift in Sources */ = {isa = PBXBuildFile; fileRef = F31D321E2DDD242600E7B121 /* Artifact Card.swift */; };
		F31D32212DDD245F00E7B121 /* CiArtifact.swift in Sources */ = {isa = PBXBuildFile; fileRef = F31D32202DDD245F00E7B121 /* CiArtifact.swift */; };
		F31D32242DDD265A00E7B121 /* SafariCover in Frameworks */ = {isa = PBXBuildFile; productRef = F31D32232DDD265A00E7B121 /* SafariCover */; };
		F31D32262DDD435A00E7B121 /* Repo Card.swift in Sources */ = {isa = PBXBuildFile; fileRef = F31D32252DDD435A00E7B121 /* Repo Card.swift */; };
		F31D32282DDD439700E7B121 /* ScmRepository.swift in Sources */ = {isa = PBXBuildFile; fileRef = F31D32272DDD439700E7B121 /* ScmRepository.swift */; };
		F31D322B2DDD572E00E7B121 /* Workflow Action Card.swift in Sources */ = {isa = PBXBuildFile; fileRef = F31D322A2DDD572E00E7B121 /* Workflow Action Card.swift */; };
		F31D322D2DDD5A6500E7B121 /* Issue List.swift in Sources */ = {isa = PBXBuildFile; fileRef = F31D322C2DDD5A6500E7B121 /* Issue List.swift */; };
		F31D322F2DDD5A9600E7B121 /* Artifact List.swift in Sources */ = {isa = PBXBuildFile; fileRef = F31D322E2DDD5A9600E7B121 /* Artifact List.swift */; };
		F31D32312DDD5E8200E7B121 /* TransparentList.swift in Sources */ = {isa = PBXBuildFile; fileRef = F31D32302DDD5E8200E7B121 /* TransparentList.swift */; };
		F31D32332DDD614400E7B121 /* Build Commit Details.swift in Sources */ = {isa = PBXBuildFile; fileRef = F31D32322DDD614400E7B121 /* Build Commit Details.swift */; };
		F32429FD2DDDD038000A16E8 /* Assets.xcassets in Resources */ = {isa = PBXBuildFile; fileRef = F32429F82DDDD038000A16E8 /* Assets.xcassets */; };
		F3242A012DDDD06E000A16E8 /* App Container.swift in Sources */ = {isa = PBXBuildFile; fileRef = F376E1642DDA195300D98252 /* App Container.swift */; };
		F3242A022DDDD06E000A16E8 /* Auth View.swift in Sources */ = {isa = PBXBuildFile; fileRef = F3E0D1CD2DDB1A96004A14C7 /* Auth View.swift */; };
		F3242A032DDDD06E000A16E8 /* Value Store.swift in Sources */ = {isa = PBXBuildFile; fileRef = F3E0D1CB2DDB19D3004A14C7 /* Value Store.swift */; };
		F3242A042DDDD06E000A16E8 /* CI-CD.swift in Sources */ = {isa = PBXBuildFile; fileRef = F33708B02DD93A0D006834F8 /* CI-CD.swift */; };
		F3242A052DDDD075000A16E8 /* TransparentList.swift in Sources */ = {isa = PBXBuildFile; fileRef = F31D32302DDD5E8200E7B121 /* TransparentList.swift */; };
		F3242A062DDDD075000A16E8 /* Provider.swift in Sources */ = {isa = PBXBuildFile; fileRef = F3E0D1BD2DDA853C004A14C7 /* Provider.swift */; };
		F3242A072DDDD075000A16E8 /* App List.swift in Sources */ = {isa = PBXBuildFile; fileRef = F33708B12DD93A0D006834F8 /* App List.swift */; };
		F3242A082DDDD075000A16E8 /* User Defaults.swift in Sources */ = {isa = PBXBuildFile; fileRef = F302462B2DDC6AAE00999146 /* User Defaults.swift */; };
		F3242A092DDDD075000A16E8 /* App Card Image.swift in Sources */ = {isa = PBXBuildFile; fileRef = F30246292DDC680400999146 /* App Card Image.swift */; };
		F3242A0A2DDDD075000A16E8 /* App VM.swift in Sources */ = {isa = PBXBuildFile; fileRef = F376E16D2DDA299200D98252 /* App VM.swift */; };
		F3242A0C2DDDD075000A16E8 /* App List VM.swift in Sources */ = {isa = PBXBuildFile; fileRef = F376E1472DD9C2C200D98252 /* App List VM.swift */; };
		F3242A0D2DDDD075000A16E8 /* App Card.swift in Sources */ = {isa = PBXBuildFile; fileRef = F376E1662DDA284600D98252 /* App Card.swift */; };
		F3242A0E2DDDD07A000A16E8 /* Workflow Action Card.swift in Sources */ = {isa = PBXBuildFile; fileRef = F31D322A2DDD572E00E7B121 /* Workflow Action Card.swift */; };
		F3242A0F2DDDD07A000A16E8 /* Action VM.swift in Sources */ = {isa = PBXBuildFile; fileRef = F31D321C2DDD20F100E7B121 /* Action VM.swift */; };
		F3242A102DDDD07A000A16E8 /* Build Commit Details.swift in Sources */ = {isa = PBXBuildFile; fileRef = F31D32322DDD614400E7B121 /* Build Commit Details.swift */; };
		F3242A112DDDD07A000A16E8 /* Repo Card.swift in Sources */ = {isa = PBXBuildFile; fileRef = F31D32252DDD435A00E7B121 /* Repo Card.swift */; };
		F3242A122DDDD07A000A16E8 /* Workflow Card.swift in Sources */ = {isa = PBXBuildFile; fileRef = F3E0D1C42DDA92DD004A14C7 /* Workflow Card.swift */; };
		F3242A132DDDD07A000A16E8 /* Build Card.swift in Sources */ = {isa = PBXBuildFile; fileRef = F376E17D2DDA31C400D98252 /* Build Card.swift */; };
		F3242A142DDDD07A000A16E8 /* Product Details.swift in Sources */ = {isa = PBXBuildFile; fileRef = F376E1682DDA288200D98252 /* Product Details.swift */; };
		F3242A152DDDD07A000A16E8 /* Action Card.swift in Sources */ = {isa = PBXBuildFile; fileRef = F31D32122DDD13FE00E7B121 /* Action Card.swift */; };
		F3242A162DDDD07A000A16E8 /* Build Details.swift in Sources */ = {isa = PBXBuildFile; fileRef = F376E18F2DDA437600D98252 /* Build Details.swift */; };
		F3242A172DDDD07E000A16E8 /* Action Details.swift in Sources */ = {isa = PBXBuildFile; fileRef = F31D32142DDD17C600E7B121 /* Action Details.swift */; };
		F3242A182DDDD07E000A16E8 /* Artifact Card.swift in Sources */ = {isa = PBXBuildFile; fileRef = F31D321E2DDD242600E7B121 /* Artifact Card.swift */; };
		F3242A192DDDD07E000A16E8 /* Issue List.swift in Sources */ = {isa = PBXBuildFile; fileRef = F31D322C2DDD5A6500E7B121 /* Issue List.swift */; };
		F3242A1A2DDDD07E000A16E8 /* Issue Card.swift in Sources */ = {isa = PBXBuildFile; fileRef = F31D32162DDD18A200E7B121 /* Issue Card.swift */; };
		F3242A1B2DDDD07E000A16E8 /* Artifact List.swift in Sources */ = {isa = PBXBuildFile; fileRef = F31D322E2DDD5A9600E7B121 /* Artifact List.swift */; };
		F3242A1C2DDDD07E000A16E8 /* Build Details Progress.swift in Sources */ = {isa = PBXBuildFile; fileRef = F31D32102DDD081E00E7B121 /* Build Details Progress.swift */; };
		F3242A1D2DDDD07E000A16E8 /* Build VM.swift in Sources */ = {isa = PBXBuildFile; fileRef = F3E0D1AC2DDA70AC004A14C7 /* Build VM.swift */; };
		F3242A1E2DDDD083000A16E8 /* CiProduct.swift in Sources */ = {isa = PBXBuildFile; fileRef = F3E0D1CF2DDB36C1004A14C7 /* CiProduct.swift */; };
		F3242A1F2DDDD083000A16E8 /* CiBuildRun.swift in Sources */ = {isa = PBXBuildFile; fileRef = F3E0D1C22DDA873C004A14C7 /* CiBuildRun.swift */; };
		F3242A202DDDD083000A16E8 /* CiWorkflow.swift in Sources */ = {isa = PBXBuildFile; fileRef = F3E0D1D12DDB370E004A14C7 /* CiWorkflow.swift */; };
		F3242A212DDDD083000A16E8 /* CiIssue.swift in Sources */ = {isa = PBXBuildFile; fileRef = F31D321A2DDD1AA300E7B121 /* CiIssue.swift */; };
		F3242A222DDDD083000A16E8 /* ScmRepository.swift in Sources */ = {isa = PBXBuildFile; fileRef = F31D32272DDD439700E7B121 /* ScmRepository.swift */; };
		F3242A232DDDD083000A16E8 /* CiArtifact.swift in Sources */ = {isa = PBXBuildFile; fileRef = F31D32202DDD245F00E7B121 /* CiArtifact.swift */; };
		F3242A242DDDD090000A16E8 /* AppSettings.swift in Sources */ = {isa = PBXBuildFile; fileRef = F3E0D1C82DDB18AC004A14C7 /* AppSettings.swift */; };
		F3242A272DDDD1FB000A16E8 /* ScrechKit in Frameworks */ = {isa = PBXBuildFile; productRef = F3242A262DDDD1FB000A16E8 /* ScrechKit */; };
		F3242A292DDDD201000A16E8 /* Kingfisher in Frameworks */ = {isa = PBXBuildFile; productRef = F3242A282DDDD201000A16E8 /* Kingfisher */; };
		F3242A2B2DDDD20F000A16E8 /* AppStoreConnect-Swift-SDK in Frameworks */ = {isa = PBXBuildFile; productRef = F3242A2A2DDDD20F000A16E8 /* AppStoreConnect-Swift-SDK */; };
		F3242A2D2DDDD22C000A16E8 /* MailCover in Frameworks */ = {isa = PBXBuildFile; productRef = F3242A2C2DDDD22C000A16E8 /* MailCover */; };
		F3242A2F2DDDD239000A16E8 /* SafariCover in Frameworks */ = {isa = PBXBuildFile; productRef = F3242A2E2DDDD239000A16E8 /* SafariCover */; };
		F33708B32DD93A0D006834F8 /* Assets.xcassets in Resources */ = {isa = PBXBuildFile; fileRef = F33708AE2DD93A0D006834F8 /* Assets.xcassets */; };
		F33708B42DD93A0D006834F8 /* CI-CD.swift in Sources */ = {isa = PBXBuildFile; fileRef = F33708B02DD93A0D006834F8 /* CI-CD.swift */; };
		F33708B52DD93A0D006834F8 /* App List.swift in Sources */ = {isa = PBXBuildFile; fileRef = F33708B12DD93A0D006834F8 /* App List.swift */; };
		F376E14A2DD9C2C200D98252 /* App List VM.swift in Sources */ = {isa = PBXBuildFile; fileRef = F376E1472DD9C2C200D98252 /* App List VM.swift */; };
		F376E1652DDA195300D98252 /* App Container.swift in Sources */ = {isa = PBXBuildFile; fileRef = F376E1642DDA195300D98252 /* App Container.swift */; };
		F376E1672DDA284600D98252 /* App Card.swift in Sources */ = {isa = PBXBuildFile; fileRef = F376E1662DDA284600D98252 /* App Card.swift */; };
		F376E1692DDA288200D98252 /* Product Details.swift in Sources */ = {isa = PBXBuildFile; fileRef = F376E1682DDA288200D98252 /* Product Details.swift */; };
		F376E16E2DDA299200D98252 /* App VM.swift in Sources */ = {isa = PBXBuildFile; fileRef = F376E16D2DDA299200D98252 /* App VM.swift */; };
		F376E17E2DDA31C400D98252 /* Build Card.swift in Sources */ = {isa = PBXBuildFile; fileRef = F376E17D2DDA31C400D98252 /* Build Card.swift */; };
		F376E1902DDA437700D98252 /* Build Details.swift in Sources */ = {isa = PBXBuildFile; fileRef = F376E18F2DDA437600D98252 /* Build Details.swift */; };
		F376E1942DDA47BB00D98252 /* ScrechKit in Frameworks */ = {isa = PBXBuildFile; productRef = F376E1932DDA47BB00D98252 /* ScrechKit */; };
		F3A010F42DE2011D0098E234 /* App Versions.swift in Sources */ = {isa = PBXBuildFile; fileRef = F3A010F32DE2011D0098E234 /* App Versions.swift */; };
		F3A010F52DE2011D0098E234 /* App Versions.swift in Sources */ = {isa = PBXBuildFile; fileRef = F3A010F32DE2011D0098E234 /* App Versions.swift */; };
		F3A010F72DE2070A0098E234 /* App Version Card.swift in Sources */ = {isa = PBXBuildFile; fileRef = F3A010F62DE2070A0098E234 /* App Version Card.swift */; };
		F3A010F82DE2070A0098E234 /* App Version Card.swift in Sources */ = {isa = PBXBuildFile; fileRef = F3A010F62DE2070A0098E234 /* App Version Card.swift */; };
		F3A010FA2DE2082F0098E234 /* AppStoreVersion.swift in Sources */ = {isa = PBXBuildFile; fileRef = F3A010F92DE2082F0098E234 /* AppStoreVersion.swift */; };
		F3A010FB2DE2082F0098E234 /* AppStoreVersion.swift in Sources */ = {isa = PBXBuildFile; fileRef = F3A010F92DE2082F0098E234 /* AppStoreVersion.swift */; };
		F3A36EA52DDA47E200733D6D /* Kingfisher in Frameworks */ = {isa = PBXBuildFile; productRef = F3A36EA42DDA47E200733D6D /* Kingfisher */; };
		F3A461142E528F9900D9A224 /* AppearanceSettings.swift in Sources */ = {isa = PBXBuildFile; fileRef = F3A461122E528F9900D9A224 /* AppearanceSettings.swift */; };
		F3E0D1AD2DDA70AC004A14C7 /* Build VM.swift in Sources */ = {isa = PBXBuildFile; fileRef = F3E0D1AC2DDA70AC004A14C7 /* Build VM.swift */; };
		F3E0D1B02DDA778A004A14C7 /* AppStoreConnect-Swift-SDK in Frameworks */ = {isa = PBXBuildFile; productRef = F3E0D1AF2DDA778A004A14C7 /* AppStoreConnect-Swift-SDK */; };
		F3E0D1BE2DDA853C004A14C7 /* Provider.swift in Sources */ = {isa = PBXBuildFile; fileRef = F3E0D1BD2DDA853C004A14C7 /* Provider.swift */; };
		F3E0D1C32DDA873C004A14C7 /* CiBuildRun.swift in Sources */ = {isa = PBXBuildFile; fileRef = F3E0D1C22DDA873C004A14C7 /* CiBuildRun.swift */; };
		F3E0D1C52DDA92DD004A14C7 /* Workflow Card.swift in Sources */ = {isa = PBXBuildFile; fileRef = F3E0D1C42DDA92DD004A14C7 /* Workflow Card.swift */; };
		F3E0D1C72DDB1420004A14C7 /* Localizable.xcstrings in Resources */ = {isa = PBXBuildFile; fileRef = F3E0D1C62DDB1420004A14C7 /* Localizable.xcstrings */; };
		F3E0D1C92DDB18AC004A14C7 /* AppSettings.swift in Sources */ = {isa = PBXBuildFile; fileRef = F3E0D1C82DDB18AC004A14C7 /* AppSettings.swift */; };
		F3E0D1CC2DDB19D3004A14C7 /* Value Store.swift in Sources */ = {isa = PBXBuildFile; fileRef = F3E0D1CB2DDB19D3004A14C7 /* Value Store.swift */; };
		F3E0D1CE2DDB1A96004A14C7 /* Auth View.swift in Sources */ = {isa = PBXBuildFile; fileRef = F3E0D1CD2DDB1A96004A14C7 /* Auth View.swift */; };
		F3E0D1D02DDB36C1004A14C7 /* CiProduct.swift in Sources */ = {isa = PBXBuildFile; fileRef = F3E0D1CF2DDB36C1004A14C7 /* CiProduct.swift */; };
		F3E0D1D22DDB370E004A14C7 /* CiWorkflow.swift in Sources */ = {isa = PBXBuildFile; fileRef = F3E0D1D12DDB370E004A14C7 /* CiWorkflow.swift */; };
		F3E0D1D52DDB3B51004A14C7 /* MailCover in Frameworks */ = {isa = PBXBuildFile; productRef = F3E0D1D42DDB3B51004A14C7 /* MailCover */; };
		F3FCD1ED2E522E41003BDE5E /* DebugSettings.swift in Sources */ = {isa = PBXBuildFile; fileRef = F3FCD1EC2E522E41003BDE5E /* DebugSettings.swift */; };
		F3FCD1EE2E522E41003BDE5E /* DebugSettings.swift in Sources */ = {isa = PBXBuildFile; fileRef = F3FCD1EC2E522E41003BDE5E /* DebugSettings.swift */; };
		F3FCD1F02E522E7C003BDE5E /* SettingsFeedback.swift in Sources */ = {isa = PBXBuildFile; fileRef = F3FCD1EF2E522E7C003BDE5E /* SettingsFeedback.swift */; };
		F3FCD1F12E522E7C003BDE5E /* SettingsFeedback.swift in Sources */ = {isa = PBXBuildFile; fileRef = F3FCD1EF2E522E7C003BDE5E /* SettingsFeedback.swift */; };
		F3FCD1F32E522FE7003BDE5E /* NavSubtitle.swift in Sources */ = {isa = PBXBuildFile; fileRef = F3FCD1F22E522FE7003BDE5E /* NavSubtitle.swift */; };
		F3FCD1F42E522FE7003BDE5E /* NavSubtitle.swift in Sources */ = {isa = PBXBuildFile; fileRef = F3FCD1F22E522FE7003BDE5E /* NavSubtitle.swift */; };
		F3FCD2092E528543003BDE5E /* ColorTheme.swift in Sources */ = {isa = PBXBuildFile; fileRef = F3FCD2072E528543003BDE5E /* ColorTheme.swift */; };
/* End PBXBuildFile section */

/* Begin PBXCopyFilesBuildPhase section */
		F376E1522DD9C4E500D98252 /* Embed Frameworks */ = {
			isa = PBXCopyFilesBuildPhase;
			dstPath = "";
			dstSubfolder = Frameworks;
			files = (
			);
			name = "Embed Frameworks";
		};
/* End PBXCopyFilesBuildPhase section */

/* Begin PBXFileReference section */
		F30246292DDC680400999146 /* App Card Image.swift */ = {isa = PBXFileReference; lastKnownFileType = sourcecode.swift; path = "App Card Image.swift"; sourceTree = "<group>"; };
		F302462B2DDC6AAE00999146 /* User Defaults.swift */ = {isa = PBXFileReference; lastKnownFileType = sourcecode.swift; path = "User Defaults.swift"; sourceTree = "<group>"; };
		F3116C052DF57496009521DE /* App Version Card VM.swift */ = {isa = PBXFileReference; lastKnownFileType = sourcecode.swift; path = "App Version Card VM.swift"; sourceTree = "<group>"; };
		F3116C082DF574A5009521DE /* ADP Status Response.swift */ = {isa = PBXFileReference; lastKnownFileType = sourcecode.swift; path = "ADP Status Response.swift"; sourceTree = "<group>"; };
		F3116C0B2DF5F688009521DE /* Error.swift */ = {isa = PBXFileReference; lastKnownFileType = sourcecode.swift; path = Error.swift; sourceTree = "<group>"; };
		F31D32102DDD081E00E7B121 /* Build Details Progress.swift */ = {isa = PBXFileReference; lastKnownFileType = sourcecode.swift; path = "Build Details Progress.swift"; sourceTree = "<group>"; };
		F31D32122DDD13FE00E7B121 /* Action Card.swift */ = {isa = PBXFileReference; lastKnownFileType = sourcecode.swift; path = "Action Card.swift"; sourceTree = "<group>"; };
		F31D32142DDD17C600E7B121 /* Action Details.swift */ = {isa = PBXFileReference; lastKnownFileType = sourcecode.swift; path = "Action Details.swift"; sourceTree = "<group>"; };
		F31D32162DDD18A200E7B121 /* Issue Card.swift */ = {isa = PBXFileReference; lastKnownFileType = sourcecode.swift; path = "Issue Card.swift"; sourceTree = "<group>"; };
		F31D321A2DDD1AA300E7B121 /* CiIssue.swift */ = {isa = PBXFileReference; lastKnownFileType = sourcecode.swift; path = CiIssue.swift; sourceTree = "<group>"; };
		F31D321C2DDD20F100E7B121 /* Action VM.swift */ = {isa = PBXFileReference; lastKnownFileType = sourcecode.swift; path = "Action VM.swift"; sourceTree = "<group>"; };
		F31D321E2DDD242600E7B121 /* Artifact Card.swift */ = {isa = PBXFileReference; lastKnownFileType = sourcecode.swift; path = "Artifact Card.swift"; sourceTree = "<group>"; };
		F31D32202DDD245F00E7B121 /* CiArtifact.swift */ = {isa = PBXFileReference; lastKnownFileType = sourcecode.swift; path = CiArtifact.swift; sourceTree = "<group>"; };
		F31D32252DDD435A00E7B121 /* Repo Card.swift */ = {isa = PBXFileReference; lastKnownFileType = sourcecode.swift; path = "Repo Card.swift"; sourceTree = "<group>"; };
		F31D32272DDD439700E7B121 /* ScmRepository.swift */ = {isa = PBXFileReference; lastKnownFileType = sourcecode.swift; path = ScmRepository.swift; sourceTree = "<group>"; };
		F31D322A2DDD572E00E7B121 /* Workflow Action Card.swift */ = {isa = PBXFileReference; lastKnownFileType = sourcecode.swift; path = "Workflow Action Card.swift"; sourceTree = "<group>"; };
		F31D322C2DDD5A6500E7B121 /* Issue List.swift */ = {isa = PBXFileReference; lastKnownFileType = sourcecode.swift; path = "Issue List.swift"; sourceTree = "<group>"; };
		F31D322E2DDD5A9600E7B121 /* Artifact List.swift */ = {isa = PBXFileReference; lastKnownFileType = sourcecode.swift; path = "Artifact List.swift"; sourceTree = "<group>"; };
		F31D32302DDD5E8200E7B121 /* TransparentList.swift */ = {isa = PBXFileReference; lastKnownFileType = sourcecode.swift; path = TransparentList.swift; sourceTree = "<group>"; };
		F31D32322DDD614400E7B121 /* Build Commit Details.swift */ = {isa = PBXFileReference; lastKnownFileType = sourcecode.swift; path = "Build Commit Details.swift"; sourceTree = "<group>"; };
		F32429E72DDDD018000A16E8 /* visionOS.app */ = {isa = PBXFileReference; explicitFileType = wrapper.application; includeInIndex = 0; path = visionOS.app; sourceTree = BUILT_PRODUCTS_DIR; };
		F32429F82DDDD038000A16E8 /* Assets.xcassets */ = {isa = PBXFileReference; lastKnownFileType = folder.assetcatalog; path = Assets.xcassets; sourceTree = "<group>"; };
		F32429FA2DDDD038000A16E8 /* visionOS.plist */ = {isa = PBXFileReference; lastKnownFileType = text.plist.xml; path = visionOS.plist; sourceTree = "<group>"; };
		F337089F2DD93A01006834F8 /* iOS.app */ = {isa = PBXFileReference; explicitFileType = wrapper.application; includeInIndex = 0; path = iOS.app; sourceTree = BUILT_PRODUCTS_DIR; };
		F33708AE2DD93A0D006834F8 /* Assets.xcassets */ = {isa = PBXFileReference; lastKnownFileType = folder.assetcatalog; path = Assets.xcassets; sourceTree = "<group>"; };
		F33708AF2DD93A0D006834F8 /* CI-CD.entitlements */ = {isa = PBXFileReference; lastKnownFileType = text.plist.entitlements; path = "CI-CD.entitlements"; sourceTree = "<group>"; };
		F33708B02DD93A0D006834F8 /* CI-CD.swift */ = {isa = PBXFileReference; lastKnownFileType = sourcecode.swift; path = "CI-CD.swift"; sourceTree = "<group>"; };
		F33708B12DD93A0D006834F8 /* App List.swift */ = {isa = PBXFileReference; lastKnownFileType = sourcecode.swift; path = "App List.swift"; sourceTree = "<group>"; };
		F376E1472DD9C2C200D98252 /* App List VM.swift */ = {isa = PBXFileReference; lastKnownFileType = sourcecode.swift; path = "App List VM.swift"; sourceTree = "<group>"; };
		F376E1642DDA195300D98252 /* App Container.swift */ = {isa = PBXFileReference; lastKnownFileType = sourcecode.swift; path = "App Container.swift"; sourceTree = "<group>"; };
		F376E1662DDA284600D98252 /* App Card.swift */ = {isa = PBXFileReference; lastKnownFileType = sourcecode.swift; path = "App Card.swift"; sourceTree = "<group>"; };
		F376E1682DDA288200D98252 /* Product Details.swift */ = {isa = PBXFileReference; lastKnownFileType = sourcecode.swift; path = "Product Details.swift"; sourceTree = "<group>"; };
		F376E16D2DDA299200D98252 /* App VM.swift */ = {isa = PBXFileReference; lastKnownFileType = sourcecode.swift; path = "App VM.swift"; sourceTree = "<group>"; };
		F376E17D2DDA31C400D98252 /* Build Card.swift */ = {isa = PBXFileReference; lastKnownFileType = sourcecode.swift; path = "Build Card.swift"; sourceTree = "<group>"; };
		F376E18F2DDA437600D98252 /* Build Details.swift */ = {isa = PBXFileReference; lastKnownFileType = sourcecode.swift; path = "Build Details.swift"; sourceTree = "<group>"; };
		F3A010F32DE2011D0098E234 /* App Versions.swift */ = {isa = PBXFileReference; lastKnownFileType = sourcecode.swift; path = "App Versions.swift"; sourceTree = "<group>"; };
		F3A010F62DE2070A0098E234 /* App Version Card.swift */ = {isa = PBXFileReference; lastKnownFileType = sourcecode.swift; path = "App Version Card.swift"; sourceTree = "<group>"; };
		F3A010F92DE2082F0098E234 /* AppStoreVersion.swift */ = {isa = PBXFileReference; lastKnownFileType = sourcecode.swift; path = AppStoreVersion.swift; sourceTree = "<group>"; };
		F3A461122E528F9900D9A224 /* AppearanceSettings.swift */ = {isa = PBXFileReference; lastKnownFileType = sourcecode.swift; path = AppearanceSettings.swift; sourceTree = "<group>"; };
		F3AE99E12E2F88AA00D70249 /* README.md */ = {isa = PBXFileReference; lastKnownFileType = net.daringfireball.markdown; path = README.md; sourceTree = "<group>"; };
		F3E0D1AC2DDA70AC004A14C7 /* Build VM.swift */ = {isa = PBXFileReference; lastKnownFileType = sourcecode.swift; path = "Build VM.swift"; sourceTree = "<group>"; };
		F3E0D1BD2DDA853C004A14C7 /* Provider.swift */ = {isa = PBXFileReference; lastKnownFileType = sourcecode.swift; path = Provider.swift; sourceTree = "<group>"; };
		F3E0D1C22DDA873C004A14C7 /* CiBuildRun.swift */ = {isa = PBXFileReference; lastKnownFileType = sourcecode.swift; path = CiBuildRun.swift; sourceTree = "<group>"; };
		F3E0D1C42DDA92DD004A14C7 /* Workflow Card.swift */ = {isa = PBXFileReference; lastKnownFileType = sourcecode.swift; path = "Workflow Card.swift"; sourceTree = "<group>"; };
		F3E0D1C62DDB1420004A14C7 /* Localizable.xcstrings */ = {isa = PBXFileReference; lastKnownFileType = text.json.xcstrings; path = Localizable.xcstrings; sourceTree = "<group>"; };
		F3E0D1C82DDB18AC004A14C7 /* AppSettings.swift */ = {isa = PBXFileReference; lastKnownFileType = sourcecode.swift; path = AppSettings.swift; sourceTree = "<group>"; };
		F3E0D1CB2DDB19D3004A14C7 /* Value Store.swift */ = {isa = PBXFileReference; lastKnownFileType = sourcecode.swift; path = "Value Store.swift"; sourceTree = "<group>"; };
		F3E0D1CD2DDB1A96004A14C7 /* Auth View.swift */ = {isa = PBXFileReference; lastKnownFileType = sourcecode.swift; path = "Auth View.swift"; sourceTree = "<group>"; };
		F3E0D1CF2DDB36C1004A14C7 /* CiProduct.swift */ = {isa = PBXFileReference; lastKnownFileType = sourcecode.swift; path = CiProduct.swift; sourceTree = "<group>"; };
		F3E0D1D12DDB370E004A14C7 /* CiWorkflow.swift */ = {isa = PBXFileReference; lastKnownFileType = sourcecode.swift; path = CiWorkflow.swift; sourceTree = "<group>"; };
		F3FCD1EC2E522E41003BDE5E /* DebugSettings.swift */ = {isa = PBXFileReference; lastKnownFileType = sourcecode.swift; path = DebugSettings.swift; sourceTree = "<group>"; };
		F3FCD1EF2E522E7C003BDE5E /* SettingsFeedback.swift */ = {isa = PBXFileReference; lastKnownFileType = sourcecode.swift; path = SettingsFeedback.swift; sourceTree = "<group>"; };
		F3FCD1F22E522FE7003BDE5E /* NavSubtitle.swift */ = {isa = PBXFileReference; lastKnownFileType = sourcecode.swift; path = NavSubtitle.swift; sourceTree = "<group>"; };
		F3FCD2072E528543003BDE5E /* ColorTheme.swift */ = {isa = PBXFileReference; lastKnownFileType = sourcecode.swift; path = ColorTheme.swift; sourceTree = "<group>"; };
/* End PBXFileReference section */

/* Begin PBXFrameworksBuildPhase section */
		F32429E42DDDD018000A16E8 /* Frameworks */ = {
			isa = PBXFrameworksBuildPhase;
			files = (
				F3242A292DDDD201000A16E8 /* Kingfisher in Frameworks */,
				F3242A272DDDD1FB000A16E8 /* ScrechKit in Frameworks */,
				F3242A2F2DDDD239000A16E8 /* SafariCover in Frameworks */,
				F3242A2B2DDDD20F000A16E8 /* AppStoreConnect-Swift-SDK in Frameworks */,
				F3242A2D2DDDD22C000A16E8 /* MailCover in Frameworks */,
			);
		};
		F337089C2DD93A01006834F8 /* Frameworks */ = {
			isa = PBXFrameworksBuildPhase;
			files = (
				F3A36EA52DDA47E200733D6D /* Kingfisher in Frameworks */,
				F3E0D1B02DDA778A004A14C7 /* AppStoreConnect-Swift-SDK in Frameworks */,
				F31D32242DDD265A00E7B121 /* SafariCover in Frameworks */,
				F376E1942DDA47BB00D98252 /* ScrechKit in Frameworks */,
				F3E0D1D52DDB3B51004A14C7 /* MailCover in Frameworks */,
			);
		};
/* End PBXFrameworksBuildPhase section */

/* Begin PBXGroup section */
		F3116C042DF571CF009521DE /* Versions */ = {
			isa = PBXGroup;
			children = (
				F3A010F32DE2011D0098E234 /* App Versions.swift */,
				F376E16D2DDA299200D98252 /* App VM.swift */,
				F3A010F62DE2070A0098E234 /* App Version Card.swift */,
				F3116C052DF57496009521DE /* App Version Card VM.swift */,
				F3116C082DF574A5009521DE /* ADP Status Response.swift */,
			);
			path = Versions;
			sourceTree = "<group>";
		};
		F31D32292DDD532F00E7B121 /* Action Details */ = {
			isa = PBXGroup;
			children = (
				F31D32142DDD17C600E7B121 /* Action Details.swift */,
				F31D322C2DDD5A6500E7B121 /* Issue List.swift */,
				F31D32162DDD18A200E7B121 /* Issue Card.swift */,
				F31D322E2DDD5A9600E7B121 /* Artifact List.swift */,
				F31D321E2DDD242600E7B121 /* Artifact Card.swift */,
			);
			path = "Action Details";
			sourceTree = "<group>";
		};
		F32429FC2DDDD038000A16E8 /* visionOS */ = {
			isa = PBXGroup;
			children = (
				F32429FA2DDDD038000A16E8 /* visionOS.plist */,
				F32429F82DDDD038000A16E8 /* Assets.xcassets */,
			);
			path = visionOS;
			sourceTree = "<group>";
		};
		F3242A252DDDD1FB000A16E8 /* Frameworks */ = {
			isa = PBXGroup;
			children = (
			);
			name = Frameworks;
			sourceTree = "<group>";
		};
		F33708962DD93A01006834F8 = {
			isa = PBXGroup;
			children = (
				F3AE99E12E2F88AA00D70249 /* README.md */,
				F33708B22DD93A0D006834F8 /* CI-CD */,
				F32429FC2DDDD038000A16E8 /* visionOS */,
				F3242A252DDDD1FB000A16E8 /* Frameworks */,
				F33708A02DD93A01006834F8 /* Products */,
			);
			sourceTree = "<group>";
		};
		F33708A02DD93A01006834F8 /* Products */ = {
			isa = PBXGroup;
			children = (
				F337089F2DD93A01006834F8 /* iOS.app */,
				F32429E72DDDD018000A16E8 /* visionOS.app */,
			);
			name = Products;
			sourceTree = "<group>";
		};
		F33708B22DD93A0D006834F8 /* CI-CD */ = {
			isa = PBXGroup;
			children = (
				F33708B02DD93A0D006834F8 /* CI-CD.swift */,
				F376E1642DDA195300D98252 /* App Container.swift */,
				F3E0D1CB2DDB19D3004A14C7 /* Value Store.swift */,
				F3E0D1CD2DDB1A96004A14C7 /* Auth View.swift */,
				F3116C0B2DF5F688009521DE /* Error.swift */,
				F33708AF2DD93A0D006834F8 /* CI-CD.entitlements */,
				F33708AE2DD93A0D006834F8 /* Assets.xcassets */,
				F3E0D1C62DDB1420004A14C7 /* Localizable.xcstrings */,
				F3FCD1F52E522FF1003BDE5E /* Utils */,
				F3E0D1BD2DDA853C004A14C7 /* Provider.swift */,
				F33708B12DD93A0D006834F8 /* App List.swift */,
				F376E1472DD9C2C200D98252 /* App List VM.swift */,
				F302462B2DDC6AAE00999146 /* User Defaults.swift */,
				F376E1662DDA284600D98252 /* App Card.swift */,
				F30246292DDC680400999146 /* App Card Image.swift */,
				F3116C042DF571CF009521DE /* Versions */,
				F376E16A2DDA28AB00D98252 /* Product Details */,
				F3E0D1BF2DDA872C004A14C7 /* Preview */,
				F3E0D1CA2DDB18B3004A14C7 /* Settings */,
			);
			path = "CI-CD";
			sourceTree = "<group>";
		};
		F376E16A2DDA28AB00D98252 /* Product Details */ = {
			isa = PBXGroup;
			children = (
				F376E1682DDA288200D98252 /* Product Details.swift */,
				F31D32252DDD435A00E7B121 /* Repo Card.swift */,
				F3E0D1C42DDA92DD004A14C7 /* Workflow Card.swift */,
				F31D322A2DDD572E00E7B121 /* Workflow Action Card.swift */,
				F376E17D2DDA31C400D98252 /* Build Card.swift */,
				F376E18F2DDA437600D98252 /* Build Details.swift */,
				F31D32322DDD614400E7B121 /* Build Commit Details.swift */,
				F31D32122DDD13FE00E7B121 /* Action Card.swift */,
				F31D321C2DDD20F100E7B121 /* Action VM.swift */,
				F31D32292DDD532F00E7B121 /* Action Details */,
				F31D32102DDD081E00E7B121 /* Build Details Progress.swift */,
				F3E0D1AC2DDA70AC004A14C7 /* Build VM.swift */,
			);
			path = "Product Details";
			sourceTree = "<group>";
		};
		F3E0D1BF2DDA872C004A14C7 /* Preview */ = {
			isa = PBXGroup;
			children = (
				F3A010F92DE2082F0098E234 /* AppStoreVersion.swift */,
				F3E0D1C22DDA873C004A14C7 /* CiBuildRun.swift */,
				F31D321A2DDD1AA300E7B121 /* CiIssue.swift */,
				F3E0D1CF2DDB36C1004A14C7 /* CiProduct.swift */,
				F3E0D1D12DDB370E004A14C7 /* CiWorkflow.swift */,
				F31D32202DDD245F00E7B121 /* CiArtifact.swift */,
				F31D32272DDD439700E7B121 /* ScmRepository.swift */,
			);
			path = Preview;
			sourceTree = "<group>";
		};
		F3E0D1CA2DDB18B3004A14C7 /* Settings */ = {
			isa = PBXGroup;
			children = (
				F3E0D1C82DDB18AC004A14C7 /* AppSettings.swift */,
				F3A461122E528F9900D9A224 /* AppearanceSettings.swift */,
				F3FCD1EF2E522E7C003BDE5E /* SettingsFeedback.swift */,
				F3FCD1EC2E522E41003BDE5E /* DebugSettings.swift */,
				F31D32302DDD5E8200E7B121 /* TransparentList.swift */,
				F3FCD2072E528543003BDE5E /* ColorTheme.swift */,
			);
			path = Settings;
			sourceTree = "<group>";
		};
		F3FCD1F52E522FF1003BDE5E /* Utils */ = {
			isa = PBXGroup;
			children = (
				F3FCD1F22E522FE7003BDE5E /* NavSubtitle.swift */,
			);
			path = Utils;
			sourceTree = "<group>";
		};
/* End PBXGroup section */

/* Begin PBXNativeTarget section */
		F32429E62DDDD018000A16E8 /* visionOS */ = {
			isa = PBXNativeTarget;
			buildConfigurationList = F32429F72DDDD019000A16E8 /* Build configuration list for PBXNativeTarget "visionOS" */;
			buildPhases = (
				F32429E32DDDD018000A16E8 /* Sources */,
				F32429E42DDDD018000A16E8 /* Frameworks */,
				F32429E52DDDD018000A16E8 /* Resources */,
			);
			buildRules = (
			);
			name = visionOS;
			packageProductDependencies = (
				F3242A262DDDD1FB000A16E8 /* ScrechKit */,
				F3242A282DDDD201000A16E8 /* Kingfisher */,
				F3242A2A2DDDD20F000A16E8 /* AppStoreConnect-Swift-SDK */,
				F3242A2C2DDDD22C000A16E8 /* MailCover */,
				F3242A2E2DDDD239000A16E8 /* SafariCover */,
			);
			productName = visionOS;
			productReference = F32429E72DDDD018000A16E8 /* visionOS.app */;
			productType = "com.apple.product-type.application";
		};
		F337089E2DD93A01006834F8 /* iOS */ = {
			isa = PBXNativeTarget;
			buildConfigurationList = F33708AB2DD93A02006834F8 /* Build configuration list for PBXNativeTarget "iOS" */;
			buildPhases = (
				F337089B2DD93A01006834F8 /* Sources */,
				F337089C2DD93A01006834F8 /* Frameworks */,
				F337089D2DD93A01006834F8 /* Resources */,
				F376E1522DD9C4E500D98252 /* Embed Frameworks */,
			);
			buildRules = (
			);
			name = iOS;
			packageProductDependencies = (
				F376E1932DDA47BB00D98252 /* ScrechKit */,
				F3A36EA42DDA47E200733D6D /* Kingfisher */,
				F3E0D1AF2DDA778A004A14C7 /* AppStoreConnect-Swift-SDK */,
				F3E0D1D42DDB3B51004A14C7 /* MailCover */,
				F31D32232DDD265A00E7B121 /* SafariCover */,
			);
			productName = CD;
			productReference = F337089F2DD93A01006834F8 /* iOS.app */;
			productType = "com.apple.product-type.application";
		};
/* End PBXNativeTarget section */

/* Begin PBXProject section */
		F33708972DD93A01006834F8 /* Project object */ = {
			isa = PBXProject;
			attributes = {
				BuildIndependentTargetsInParallel = 1;
				LastSwiftUpdateCheck = 1640;
				LastUpgradeCheck = 2600;
				TargetAttributes = {
					F32429E62DDDD018000A16E8 = {
						CreatedOnToolsVersion = 16.4;
					};
					F337089E2DD93A01006834F8 = {
						CreatedOnToolsVersion = 16.4;
					};
				};
			};
			buildConfigurationList = F337089A2DD93A01006834F8 /* Build configuration list for PBXProject "CI-CD" */;
			developmentRegion = en;
			hasScannedForEncodings = 0;
			knownRegions = (
				en,
				Base,
				ru,
				nl,
			);
			mainGroup = F33708962DD93A01006834F8;
			minimizedProjectReferenceProxies = 1;
			packageReferences = (
				F376E1922DDA47BB00D98252 /* XCRemoteSwiftPackageReference "ScrechKit" */,
				F3A36EA32DDA47E200733D6D /* XCRemoteSwiftPackageReference "Kingfisher" */,
				F3E0D1AE2DDA778A004A14C7 /* XCRemoteSwiftPackageReference "appstoreconnect-swift-sdk" */,
				F3E0D1D32DDB3B51004A14C7 /* XCRemoteSwiftPackageReference "MailCover" */,
				F31D32222DDD265A00E7B121 /* XCRemoteSwiftPackageReference "SafariCover" */,
			);
			preferredProjectObjectVersion = 90;
			productRefGroup = F33708A02DD93A01006834F8 /* Products */;
			projectDirPath = "";
			projectRoot = "";
			targets = (
				F337089E2DD93A01006834F8 /* iOS */,
				F32429E62DDDD018000A16E8 /* visionOS */,
			);
		};
/* End PBXProject section */

/* Begin PBXResourcesBuildPhase section */
		F32429E52DDDD018000A16E8 /* Resources */ = {
			isa = PBXResourcesBuildPhase;
			files = (
				F32429FD2DDDD038000A16E8 /* Assets.xcassets in Resources */,
			);
		};
		F337089D2DD93A01006834F8 /* Resources */ = {
			isa = PBXResourcesBuildPhase;
			files = (
				F3E0D1C72DDB1420004A14C7 /* Localizable.xcstrings in Resources */,
				F33708B32DD93A0D006834F8 /* Assets.xcassets in Resources */,
			);
		};
/* End PBXResourcesBuildPhase section */

/* Begin PBXSourcesBuildPhase section */
		F32429E32DDDD018000A16E8 /* Sources */ = {
			isa = PBXSourcesBuildPhase;
			files = (
				F3242A012DDDD06E000A16E8 /* App Container.swift in Sources */,
				F3242A022DDDD06E000A16E8 /* Auth View.swift in Sources */,
				F3242A032DDDD06E000A16E8 /* Value Store.swift in Sources */,
				F3242A052DDDD075000A16E8 /* TransparentList.swift in Sources */,
				F3242A0E2DDDD07A000A16E8 /* Workflow Action Card.swift in Sources */,
				F3FCD1F42E522FE7003BDE5E /* NavSubtitle.swift in Sources */,
				F3242A0F2DDDD07A000A16E8 /* Action VM.swift in Sources */,
				F3242A102DDDD07A000A16E8 /* Build Commit Details.swift in Sources */,
				F3A010F82DE2070A0098E234 /* App Version Card.swift in Sources */,
				F3242A112DDDD07A000A16E8 /* Repo Card.swift in Sources */,
				F3242A122DDDD07A000A16E8 /* Workflow Card.swift in Sources */,
				F3242A132DDDD07A000A16E8 /* Build Card.swift in Sources */,
				F3FCD1F12E522E7C003BDE5E /* SettingsFeedback.swift in Sources */,
				F3A010F52DE2011D0098E234 /* App Versions.swift in Sources */,
				F3242A142DDDD07A000A16E8 /* Product Details.swift in Sources */,
				F3242A242DDDD090000A16E8 /* AppSettings.swift in Sources */,
				F3FCD1ED2E522E41003BDE5E /* DebugSettings.swift in Sources */,
				F3A010FB2DE2082F0098E234 /* AppStoreVersion.swift in Sources */,
				F3242A152DDDD07A000A16E8 /* Action Card.swift in Sources */,
				F3242A162DDDD07A000A16E8 /* Build Details.swift in Sources */,
				F3242A172DDDD07E000A16E8 /* Action Details.swift in Sources */,
				F3242A182DDDD07E000A16E8 /* Artifact Card.swift in Sources */,
				F3242A192DDDD07E000A16E8 /* Issue List.swift in Sources */,
				F3242A1E2DDDD083000A16E8 /* CiProduct.swift in Sources */,
				F3242A1F2DDDD083000A16E8 /* CiBuildRun.swift in Sources */,
				F3242A202DDDD083000A16E8 /* CiWorkflow.swift in Sources */,
				F3242A212DDDD083000A16E8 /* CiIssue.swift in Sources */,
				F3116C062DF57496009521DE /* App Version Card VM.swift in Sources */,
				F3116C0D2DF5F688009521DE /* Error.swift in Sources */,
				F3242A222DDDD083000A16E8 /* ScmRepository.swift in Sources */,
				F3242A232DDDD083000A16E8 /* CiArtifact.swift in Sources */,
				F3242A1A2DDDD07E000A16E8 /* Issue Card.swift in Sources */,
				F3242A1B2DDDD07E000A16E8 /* Artifact List.swift in Sources */,
				F3242A1C2DDDD07E000A16E8 /* Build Details Progress.swift in Sources */,
				F3242A1D2DDDD07E000A16E8 /* Build VM.swift in Sources */,
				F3242A062DDDD075000A16E8 /* Provider.swift in Sources */,
				F3242A072DDDD075000A16E8 /* App List.swift in Sources */,
				F3242A082DDDD075000A16E8 /* User Defaults.swift in Sources */,
				F3116C0A2DF574A5009521DE /* ADP Status Response.swift in Sources */,
				F3242A092DDDD075000A16E8 /* App Card Image.swift in Sources */,
				F3242A0A2DDDD075000A16E8 /* App VM.swift in Sources */,
				F3242A0C2DDDD075000A16E8 /* App List VM.swift in Sources */,
				F3242A0D2DDDD075000A16E8 /* App Card.swift in Sources */,
				F3242A042DDDD06E000A16E8 /* CI-CD.swift in Sources */,
			);
		};
		F337089B2DD93A01006834F8 /* Sources */ = {
			isa = PBXSourcesBuildPhase;
			files = (
				F33708B42DD93A0D006834F8 /* CI-CD.swift in Sources */,
				F31D322F2DDD5A9600E7B121 /* Artifact List.swift in Sources */,
				F376E14A2DD9C2C200D98252 /* App List VM.swift in Sources */,
				F33708B52DD93A0D006834F8 /* App List.swift in Sources */,
				F31D322D2DDD5A6500E7B121 /* Issue List.swift in Sources */,
				F3FCD1F32E522FE7003BDE5E /* NavSubtitle.swift in Sources */,
				F376E1652DDA195300D98252 /* App Container.swift in Sources */,
				F376E1692DDA288200D98252 /* Product Details.swift in Sources */,
				F3A010F72DE2070A0098E234 /* App Version Card.swift in Sources */,
				F3E0D1D22DDB370E004A14C7 /* CiWorkflow.swift in Sources */,
				F3E0D1AD2DDA70AC004A14C7 /* Build VM.swift in Sources */,
				F31D321D2DDD20F100E7B121 /* Action VM.swift in Sources */,
				F3FCD1F02E522E7C003BDE5E /* SettingsFeedback.swift in Sources */,
				F3A010F42DE2011D0098E234 /* App Versions.swift in Sources */,
				F31D32332DDD614400E7B121 /* Build Commit Details.swift in Sources */,
				F31D322B2DDD572E00E7B121 /* Workflow Action Card.swift in Sources */,
				F3FCD1EE2E522E41003BDE5E /* DebugSettings.swift in Sources */,
				F3A010FA2DE2082F0098E234 /* AppStoreVersion.swift in Sources */,
				F376E16E2DDA299200D98252 /* App VM.swift in Sources */,
				F3E0D1CE2DDB1A96004A14C7 /* Auth View.swift in Sources */,
				F3E0D1D02DDB36C1004A14C7 /* CiProduct.swift in Sources */,
				F376E1902DDA437700D98252 /* Build Details.swift in Sources */,
				F376E17E2DDA31C400D98252 /* Build Card.swift in Sources */,
				F3E0D1C32DDA873C004A14C7 /* CiBuildRun.swift in Sources */,
				F3E0D1BE2DDA853C004A14C7 /* Provider.swift in Sources */,
				F31D32152DDD17C600E7B121 /* Action Details.swift in Sources */,
				F31D321B2DDD1AA300E7B121 /* CiIssue.swift in Sources */,
				F3116C072DF57496009521DE /* App Version Card VM.swift in Sources */,
				F3116C0C2DF5F688009521DE /* Error.swift in Sources */,
				F3A461142E528F9900D9A224 /* AppearanceSettings.swift in Sources */,
				F302462A2DDC680400999146 /* App Card Image.swift in Sources */,
				F31D32112DDD081E00E7B121 /* Build Details Progress.swift in Sources */,
				F31D32132DDD13FE00E7B121 /* Action Card.swift in Sources */,
				F31D32282DDD439700E7B121 /* ScmRepository.swift in Sources */,
				F31D321F2DDD242600E7B121 /* Artifact Card.swift in Sources */,
				F302462C2DDC6AAE00999146 /* User Defaults.swift in Sources */,
				F376E1672DDA284600D98252 /* App Card.swift in Sources */,
				F3FCD2092E528543003BDE5E /* ColorTheme.swift in Sources */,
				F3E0D1CC2DDB19D3004A14C7 /* Value Store.swift in Sources */,
				F31D32312DDD5E8200E7B121 /* TransparentList.swift in Sources */,
				F3116C092DF574A5009521DE /* ADP Status Response.swift in Sources */,
				F31D32262DDD435A00E7B121 /* Repo Card.swift in Sources */,
				F31D32172DDD18A200E7B121 /* Issue Card.swift in Sources */,
				F3E0D1C92DDB18AC004A14C7 /* AppSettings.swift in Sources */,
				F31D32212DDD245F00E7B121 /* CiArtifact.swift in Sources */,
				F3E0D1C52DDA92DD004A14C7 /* Workflow Card.swift in Sources */,
			);
		};
/* End PBXSourcesBuildPhase section */

/* Begin XCBuildConfiguration section */
		F32429F42DDDD019000A16E8 /* Debug configuration for PBXNativeTarget "visionOS" */ = {
			isa = XCBuildConfiguration;
			buildSettings = {
				ASSETCATALOG_COMPILER_APPICON_NAME = AppIcon;
				ASSETCATALOG_COMPILER_GLOBAL_ACCENT_COLOR_NAME = AccentColor;
				CODE_SIGN_STYLE = Automatic;
				DEVELOPMENT_TEAM = 8FQUA2F388;
				ENABLE_PREVIEWS = YES;
				GENERATE_INFOPLIST_FILE = YES;
				INFOPLIST_FILE = "$(TARGET_NAME)/visionOS.plist";
				INFOPLIST_KEY_CFBundleDisplayName = CI/CD;
				INFOPLIST_KEY_ITSAppUsesNonExemptEncryption = NO;
				LD_RUNPATH_SEARCH_PATHS = (
					"$(inherited)",
					"@executable_path/Frameworks",
				);
				PRODUCT_BUNDLE_IDENTIFIER = "dev.topscrech.CI-CD";
				PRODUCT_NAME = "$(TARGET_NAME)";
				SDKROOT = xros;
				SUPPORTED_PLATFORMS = "xros xrsimulator";
				SWIFT_EMIT_LOC_STRINGS = YES;
				SWIFT_VERSION = 5.0;
				TARGETED_DEVICE_FAMILY = 7;
				XROS_DEPLOYMENT_TARGET = 1.0;
			};
			name = Debug;
		};
		F32429F52DDDD019000A16E8 /* Release configuration for PBXNativeTarget "visionOS" */ = {
			isa = XCBuildConfiguration;
			buildSettings = {
				ASSETCATALOG_COMPILER_APPICON_NAME = AppIcon;
				ASSETCATALOG_COMPILER_GLOBAL_ACCENT_COLOR_NAME = AccentColor;
				CODE_SIGN_STYLE = Automatic;
				DEVELOPMENT_TEAM = 8FQUA2F388;
				ENABLE_PREVIEWS = YES;
				GENERATE_INFOPLIST_FILE = YES;
				INFOPLIST_FILE = "$(TARGET_NAME)/visionOS.plist";
				INFOPLIST_KEY_CFBundleDisplayName = CI/CD;
				INFOPLIST_KEY_ITSAppUsesNonExemptEncryption = NO;
				LD_RUNPATH_SEARCH_PATHS = (
					"$(inherited)",
					"@executable_path/Frameworks",
				);
				PRODUCT_BUNDLE_IDENTIFIER = "dev.topscrech.CI-CD";
				PRODUCT_NAME = "$(TARGET_NAME)";
				SDKROOT = xros;
				SUPPORTED_PLATFORMS = "xros xrsimulator";
				SWIFT_EMIT_LOC_STRINGS = YES;
				SWIFT_VERSION = 5.0;
				TARGETED_DEVICE_FAMILY = 7;
				VALIDATE_PRODUCT = YES;
				XROS_DEPLOYMENT_TARGET = 1.0;
			};
			name = Release;
		};
		F33708A92DD93A02006834F8 /* Debug configuration for PBXProject "CI-CD" */ = {
			isa = XCBuildConfiguration;
			buildSettings = {
				ALWAYS_SEARCH_USER_PATHS = NO;
				ASSETCATALOG_COMPILER_GENERATE_SWIFT_ASSET_SYMBOL_EXTENSIONS = YES;
				CLANG_ANALYZER_LOCALIZABILITY_NONLOCALIZED = YES;
				CLANG_ANALYZER_NONNULL = YES;
				CLANG_ANALYZER_NUMBER_OBJECT_CONVERSION = YES_AGGRESSIVE;
				CLANG_CXX_LANGUAGE_STANDARD = "gnu++20";
				CLANG_ENABLE_MODULES = YES;
				CLANG_ENABLE_OBJC_ARC = YES;
				CLANG_ENABLE_OBJC_WEAK = YES;
				CLANG_WARN_BLOCK_CAPTURE_AUTORELEASING = YES;
				CLANG_WARN_BOOL_CONVERSION = YES;
				CLANG_WARN_COMMA = YES;
				CLANG_WARN_CONSTANT_CONVERSION = YES;
				CLANG_WARN_DEPRECATED_OBJC_IMPLEMENTATIONS = YES;
				CLANG_WARN_DIRECT_OBJC_ISA_USAGE = YES_ERROR;
				CLANG_WARN_DOCUMENTATION_COMMENTS = YES;
				CLANG_WARN_EMPTY_BODY = YES;
				CLANG_WARN_ENUM_CONVERSION = YES;
				CLANG_WARN_INFINITE_RECURSION = YES;
				CLANG_WARN_INT_CONVERSION = YES;
				CLANG_WARN_NON_LITERAL_NULL_CONVERSION = YES;
				CLANG_WARN_OBJC_IMPLICIT_RETAIN_SELF = YES;
				CLANG_WARN_OBJC_LITERAL_CONVERSION = YES;
				CLANG_WARN_OBJC_ROOT_CLASS = YES_ERROR;
				CLANG_WARN_QUOTED_INCLUDE_IN_FRAMEWORK_HEADER = YES;
				CLANG_WARN_RANGE_LOOP_ANALYSIS = YES;
				CLANG_WARN_STRICT_PROTOTYPES = YES;
				CLANG_WARN_SUSPICIOUS_MOVE = YES;
				CLANG_WARN_UNGUARDED_AVAILABILITY = YES_AGGRESSIVE;
				CLANG_WARN_UNREACHABLE_CODE = YES;
				CLANG_WARN__DUPLICATE_METHOD_MATCH = YES;
				COPY_PHASE_STRIP = NO;
				CURRENT_PROJECT_VERSION = 0;
				DEAD_CODE_STRIPPING = YES;
				DEBUG_INFORMATION_FORMAT = dwarf;
				DEVELOPMENT_TEAM = 8FQUA2F388;
				ENABLE_STRICT_OBJC_MSGSEND = YES;
				ENABLE_TESTABILITY = YES;
				ENABLE_USER_SCRIPT_SANDBOXING = YES;
				GCC_C_LANGUAGE_STANDARD = gnu17;
				GCC_DYNAMIC_NO_PIC = NO;
				GCC_NO_COMMON_BLOCKS = YES;
				GCC_OPTIMIZATION_LEVEL = 0;
				GCC_PREPROCESSOR_DEFINITIONS = (
					"DEBUG=1",
					"$(inherited)",
				);
				GCC_WARN_64_TO_32_BIT_CONVERSION = YES;
				GCC_WARN_ABOUT_RETURN_TYPE = YES_ERROR;
				GCC_WARN_UNDECLARED_SELECTOR = YES;
				GCC_WARN_UNINITIALIZED_AUTOS = YES_AGGRESSIVE;
				GCC_WARN_UNUSED_FUNCTION = YES;
				GCC_WARN_UNUSED_VARIABLE = YES;
				LOCALIZATION_PREFERS_STRING_CATALOGS = YES;
				MARKETING_VERSION = 1.0.6;
				MTL_ENABLE_DEBUG_INFO = INCLUDE_SOURCE;
				MTL_FAST_MATH = YES;
				ONLY_ACTIVE_ARCH = YES;
				STRING_CATALOG_GENERATE_SYMBOLS = YES;
				SWIFT_ACTIVE_COMPILATION_CONDITIONS = "DEBUG $(inherited)";
				SWIFT_EMIT_LOC_STRINGS = YES;
				SWIFT_OPTIMIZATION_LEVEL = "-Onone";
			};
			name = Debug;
		};
		F33708AA2DD93A02006834F8 /* Release configuration for PBXProject "CI-CD" */ = {
			isa = XCBuildConfiguration;
			buildSettings = {
				ALWAYS_SEARCH_USER_PATHS = NO;
				ASSETCATALOG_COMPILER_GENERATE_SWIFT_ASSET_SYMBOL_EXTENSIONS = YES;
				CLANG_ANALYZER_LOCALIZABILITY_NONLOCALIZED = YES;
				CLANG_ANALYZER_NONNULL = YES;
				CLANG_ANALYZER_NUMBER_OBJECT_CONVERSION = YES_AGGRESSIVE;
				CLANG_CXX_LANGUAGE_STANDARD = "gnu++20";
				CLANG_ENABLE_MODULES = YES;
				CLANG_ENABLE_OBJC_ARC = YES;
				CLANG_ENABLE_OBJC_WEAK = YES;
				CLANG_WARN_BLOCK_CAPTURE_AUTORELEASING = YES;
				CLANG_WARN_BOOL_CONVERSION = YES;
				CLANG_WARN_COMMA = YES;
				CLANG_WARN_CONSTANT_CONVERSION = YES;
				CLANG_WARN_DEPRECATED_OBJC_IMPLEMENTATIONS = YES;
				CLANG_WARN_DIRECT_OBJC_ISA_USAGE = YES_ERROR;
				CLANG_WARN_DOCUMENTATION_COMMENTS = YES;
				CLANG_WARN_EMPTY_BODY = YES;
				CLANG_WARN_ENUM_CONVERSION = YES;
				CLANG_WARN_INFINITE_RECURSION = YES;
				CLANG_WARN_INT_CONVERSION = YES;
				CLANG_WARN_NON_LITERAL_NULL_CONVERSION = YES;
				CLANG_WARN_OBJC_IMPLICIT_RETAIN_SELF = YES;
				CLANG_WARN_OBJC_LITERAL_CONVERSION = YES;
				CLANG_WARN_OBJC_ROOT_CLASS = YES_ERROR;
				CLANG_WARN_QUOTED_INCLUDE_IN_FRAMEWORK_HEADER = YES;
				CLANG_WARN_RANGE_LOOP_ANALYSIS = YES;
				CLANG_WARN_STRICT_PROTOTYPES = YES;
				CLANG_WARN_SUSPICIOUS_MOVE = YES;
				CLANG_WARN_UNGUARDED_AVAILABILITY = YES_AGGRESSIVE;
				CLANG_WARN_UNREACHABLE_CODE = YES;
				CLANG_WARN__DUPLICATE_METHOD_MATCH = YES;
				COPY_PHASE_STRIP = NO;
				CURRENT_PROJECT_VERSION = 0;
				DEAD_CODE_STRIPPING = YES;
				DEBUG_INFORMATION_FORMAT = "dwarf-with-dsym";
				DEVELOPMENT_TEAM = 8FQUA2F388;
				ENABLE_NS_ASSERTIONS = NO;
				ENABLE_STRICT_OBJC_MSGSEND = YES;
				ENABLE_USER_SCRIPT_SANDBOXING = YES;
				GCC_C_LANGUAGE_STANDARD = gnu17;
				GCC_NO_COMMON_BLOCKS = YES;
				GCC_WARN_64_TO_32_BIT_CONVERSION = YES;
				GCC_WARN_ABOUT_RETURN_TYPE = YES_ERROR;
				GCC_WARN_UNDECLARED_SELECTOR = YES;
				GCC_WARN_UNINITIALIZED_AUTOS = YES_AGGRESSIVE;
				GCC_WARN_UNUSED_FUNCTION = YES;
				GCC_WARN_UNUSED_VARIABLE = YES;
				LOCALIZATION_PREFERS_STRING_CATALOGS = YES;
				MARKETING_VERSION = 1.0.6;
				MTL_ENABLE_DEBUG_INFO = NO;
				MTL_FAST_MATH = YES;
				STRING_CATALOG_GENERATE_SYMBOLS = YES;
				SWIFT_COMPILATION_MODE = wholemodule;
				SWIFT_EMIT_LOC_STRINGS = YES;
			};
			name = Release;
		};
		F33708AC2DD93A02006834F8 /* Debug configuration for PBXNativeTarget "iOS" */ = {
			isa = XCBuildConfiguration;
			buildSettings = {
				ASSETCATALOG_COMPILER_APPICON_NAME = AppIcon;
				ASSETCATALOG_COMPILER_GLOBAL_ACCENT_COLOR_NAME = AccentColor;
				CODE_SIGN_ENTITLEMENTS = "CI-CD/CI-CD.entitlements";
				CODE_SIGN_STYLE = Automatic;
				DEAD_CODE_STRIPPING = YES;
				DEVELOPMENT_TEAM = 8FQUA2F388;
				ENABLE_APP_SANDBOX = YES;
				ENABLE_HARDENED_RUNTIME = YES;
				ENABLE_OUTGOING_NETWORK_CONNECTIONS = YES;
				ENABLE_PREVIEWS = YES;
				ENABLE_USER_SELECTED_FILES = readonly;
				GENERATE_INFOPLIST_FILE = YES;
				INFOPLIST_KEY_CFBundleDisplayName = CI/CD;
				INFOPLIST_KEY_ITSAppUsesNonExemptEncryption = NO;
				INFOPLIST_KEY_LSApplicationCategoryType = "public.app-category.developer-tools";
				"INFOPLIST_KEY_UIApplicationSceneManifest_Generation[sdk=iphoneos*]" = YES;
				"INFOPLIST_KEY_UIApplicationSceneManifest_Generation[sdk=iphonesimulator*]" = YES;
				"INFOPLIST_KEY_UIApplicationSupportsIndirectInputEvents[sdk=iphoneos*]" = YES;
				"INFOPLIST_KEY_UIApplicationSupportsIndirectInputEvents[sdk=iphonesimulator*]" = YES;
				"INFOPLIST_KEY_UILaunchScreen_Generation[sdk=iphoneos*]" = YES;
				"INFOPLIST_KEY_UILaunchScreen_Generation[sdk=iphonesimulator*]" = YES;
				"INFOPLIST_KEY_UIStatusBarStyle[sdk=iphoneos*]" = UIStatusBarStyleDefault;
				"INFOPLIST_KEY_UIStatusBarStyle[sdk=iphonesimulator*]" = UIStatusBarStyleDefault;
				INFOPLIST_KEY_UISupportedInterfaceOrientations = "UIInterfaceOrientationLandscapeLeft UIInterfaceOrientationLandscapeRight UIInterfaceOrientationPortrait UIInterfaceOrientationPortraitUpsideDown";
				IPHONEOS_DEPLOYMENT_TARGET = 17.0;
				LD_RUNPATH_SEARCH_PATHS = "@executable_path/Frameworks";
				"LD_RUNPATH_SEARCH_PATHS[sdk=macosx*]" = "@executable_path/../Frameworks";
				MACOSX_DEPLOYMENT_TARGET = 14.0;
				PRODUCT_BUNDLE_IDENTIFIER = "dev.topscrech.CI-CD";
				PRODUCT_NAME = "$(TARGET_NAME)";
				REGISTER_APP_GROUPS = YES;
				SDKROOT = auto;
				SUPPORTED_PLATFORMS = "iphoneos iphonesimulator macosx";
				SUPPORTS_MACCATALYST = NO;
				SWIFT_EMIT_LOC_STRINGS = YES;
				SWIFT_VERSION = 5.0;
				TARGETED_DEVICE_FAMILY = "1,2";
				XROS_DEPLOYMENT_TARGET = 1.0;
			};
			name = Debug;
		};
		F33708AD2DD93A02006834F8 /* Release configuration for PBXNativeTarget "iOS" */ = {
			isa = XCBuildConfiguration;
			buildSettings = {
				ASSETCATALOG_COMPILER_APPICON_NAME = AppIcon;
				ASSETCATALOG_COMPILER_GLOBAL_ACCENT_COLOR_NAME = AccentColor;
				CODE_SIGN_ENTITLEMENTS = "CI-CD/CI-CD.entitlements";
				CODE_SIGN_STYLE = Automatic;
				DEAD_CODE_STRIPPING = YES;
				DEVELOPMENT_TEAM = 8FQUA2F388;
				ENABLE_APP_SANDBOX = YES;
				ENABLE_HARDENED_RUNTIME = YES;
				ENABLE_OUTGOING_NETWORK_CONNECTIONS = YES;
				ENABLE_PREVIEWS = YES;
				ENABLE_USER_SELECTED_FILES = readonly;
				GENERATE_INFOPLIST_FILE = YES;
				INFOPLIST_KEY_CFBundleDisplayName = CI/CD;
				INFOPLIST_KEY_ITSAppUsesNonExemptEncryption = NO;
				INFOPLIST_KEY_LSApplicationCategoryType = "public.app-category.developer-tools";
				"INFOPLIST_KEY_UIApplicationSceneManifest_Generation[sdk=iphoneos*]" = YES;
				"INFOPLIST_KEY_UIApplicationSceneManifest_Generation[sdk=iphonesimulator*]" = YES;
				"INFOPLIST_KEY_UIApplicationSupportsIndirectInputEvents[sdk=iphoneos*]" = YES;
				"INFOPLIST_KEY_UIApplicationSupportsIndirectInputEvents[sdk=iphonesimulator*]" = YES;
				"INFOPLIST_KEY_UILaunchScreen_Generation[sdk=iphoneos*]" = YES;
				"INFOPLIST_KEY_UILaunchScreen_Generation[sdk=iphonesimulator*]" = YES;
				"INFOPLIST_KEY_UIStatusBarStyle[sdk=iphoneos*]" = UIStatusBarStyleDefault;
				"INFOPLIST_KEY_UIStatusBarStyle[sdk=iphonesimulator*]" = UIStatusBarStyleDefault;
				INFOPLIST_KEY_UISupportedInterfaceOrientations = "UIInterfaceOrientationLandscapeLeft UIInterfaceOrientationLandscapeRight UIInterfaceOrientationPortrait UIInterfaceOrientationPortraitUpsideDown";
				IPHONEOS_DEPLOYMENT_TARGET = 17.0;
				LD_RUNPATH_SEARCH_PATHS = "@executable_path/Frameworks";
				"LD_RUNPATH_SEARCH_PATHS[sdk=macosx*]" = "@executable_path/../Frameworks";
				MACOSX_DEPLOYMENT_TARGET = 14.0;
				PRODUCT_BUNDLE_IDENTIFIER = "dev.topscrech.CI-CD";
				PRODUCT_NAME = "$(TARGET_NAME)";
				REGISTER_APP_GROUPS = YES;
				SDKROOT = auto;
				SUPPORTED_PLATFORMS = "iphoneos iphonesimulator macosx";
				SUPPORTS_MACCATALYST = NO;
				SWIFT_EMIT_LOC_STRINGS = YES;
				SWIFT_VERSION = 5.0;
				TARGETED_DEVICE_FAMILY = "1,2";
				XROS_DEPLOYMENT_TARGET = 1.0;
			};
			name = Release;
		};
/* End XCBuildConfiguration section */

/* Begin XCConfigurationList section */
		F32429F72DDDD019000A16E8 /* Build configuration list for PBXNativeTarget "visionOS" */ = {
			isa = XCConfigurationList;
			buildConfigurations = (
				F32429F42DDDD019000A16E8 /* Debug configuration for PBXNativeTarget "visionOS" */,
				F32429F52DDDD019000A16E8 /* Release configuration for PBXNativeTarget "visionOS" */,
			);
			defaultConfigurationName = Release;
		};
		F337089A2DD93A01006834F8 /* Build configuration list for PBXProject "CI-CD" */ = {
			isa = XCConfigurationList;
			buildConfigurations = (
				F33708A92DD93A02006834F8 /* Debug configuration for PBXProject "CI-CD" */,
				F33708AA2DD93A02006834F8 /* Release configuration for PBXProject "CI-CD" */,
			);
			defaultConfigurationName = Release;
		};
		F33708AB2DD93A02006834F8 /* Build configuration list for PBXNativeTarget "iOS" */ = {
			isa = XCConfigurationList;
			buildConfigurations = (
				F33708AC2DD93A02006834F8 /* Debug configuration for PBXNativeTarget "iOS" */,
				F33708AD2DD93A02006834F8 /* Release configuration for PBXNativeTarget "iOS" */,
			);
			defaultConfigurationName = Release;
		};
/* End XCConfigurationList section */

/* Begin XCRemoteSwiftPackageReference section */
		F31D32222DDD265A00E7B121 /* XCRemoteSwiftPackageReference "SafariCover" */ = {
			isa = XCRemoteSwiftPackageReference;
			repositoryURL = "https://github.com/TopScrech/SafariCover";
			requirement = {
				branch = main;
				kind = branch;
			};
		};
		F376E1922DDA47BB00D98252 /* XCRemoteSwiftPackageReference "ScrechKit" */ = {
			isa = XCRemoteSwiftPackageReference;
			repositoryURL = "https://github.com/TopScrech/ScrechKit";
			requirement = {
				branch = main;
				kind = branch;
			};
		};
		F3A36EA32DDA47E200733D6D /* XCRemoteSwiftPackageReference "Kingfisher" */ = {
			isa = XCRemoteSwiftPackageReference;
			repositoryURL = "https://github.com/onevcat/Kingfisher";
			requirement = {
				kind = upToNextMajorVersion;
				minimumVersion = 8.3.2;
			};
		};
		F3E0D1AE2DDA778A004A14C7 /* XCRemoteSwiftPackageReference "appstoreconnect-swift-sdk" */ = {
			isa = XCRemoteSwiftPackageReference;
			repositoryURL = "https://github.com/TopScrech/appstoreconnect-swift-sdk";
			requirement = {
				branch = master;
				kind = branch;
			};
		};
		F3E0D1D32DDB3B51004A14C7 /* XCRemoteSwiftPackageReference "MailCover" */ = {
			isa = XCRemoteSwiftPackageReference;
			repositoryURL = "https://github.com/TopScrech/MailCover";
			requirement = {
				branch = main;
				kind = branch;
			};
		};
/* End XCRemoteSwiftPackageReference section */

/* Begin XCSwiftPackageProductDependency section */
		F31D32232DDD265A00E7B121 /* SafariCover */ = {
			isa = XCSwiftPackageProductDependency;
			package = F31D32222DDD265A00E7B121 /* XCRemoteSwiftPackageReference "SafariCover" */;
			productName = SafariCover;
		};
		F3242A262DDDD1FB000A16E8 /* ScrechKit */ = {
			isa = XCSwiftPackageProductDependency;
			package = F376E1922DDA47BB00D98252 /* XCRemoteSwiftPackageReference "ScrechKit" */;
			productName = ScrechKit;
		};
		F3242A282DDDD201000A16E8 /* Kingfisher */ = {
			isa = XCSwiftPackageProductDependency;
			package = F3A36EA32DDA47E200733D6D /* XCRemoteSwiftPackageReference "Kingfisher" */;
			productName = Kingfisher;
		};
		F3242A2A2DDDD20F000A16E8 /* AppStoreConnect-Swift-SDK */ = {
			isa = XCSwiftPackageProductDependency;
			package = F3E0D1AE2DDA778A004A14C7 /* XCRemoteSwiftPackageReference "appstoreconnect-swift-sdk" */;
			productName = "AppStoreConnect-Swift-SDK";
		};
		F3242A2C2DDDD22C000A16E8 /* MailCover */ = {
			isa = XCSwiftPackageProductDependency;
			package = F3E0D1D32DDB3B51004A14C7 /* XCRemoteSwiftPackageReference "MailCover" */;
			productName = MailCover;
		};
		F3242A2E2DDDD239000A16E8 /* SafariCover */ = {
			isa = XCSwiftPackageProductDependency;
			package = F31D32222DDD265A00E7B121 /* XCRemoteSwiftPackageReference "SafariCover" */;
			productName = SafariCover;
		};
		F376E1932DDA47BB00D98252 /* ScrechKit */ = {
			isa = XCSwiftPackageProductDependency;
			package = F376E1922DDA47BB00D98252 /* XCRemoteSwiftPackageReference "ScrechKit" */;
			productName = ScrechKit;
		};
		F3A36EA42DDA47E200733D6D /* Kingfisher */ = {
			isa = XCSwiftPackageProductDependency;
			package = F3A36EA32DDA47E200733D6D /* XCRemoteSwiftPackageReference "Kingfisher" */;
			productName = Kingfisher;
		};
		F3E0D1AF2DDA778A004A14C7 /* AppStoreConnect-Swift-SDK */ = {
			isa = XCSwiftPackageProductDependency;
			package = F3E0D1AE2DDA778A004A14C7 /* XCRemoteSwiftPackageReference "appstoreconnect-swift-sdk" */;
			productName = "AppStoreConnect-Swift-SDK";
		};
		F3E0D1D42DDB3B51004A14C7 /* MailCover */ = {
			isa = XCSwiftPackageProductDependency;
			package = F3E0D1D32DDB3B51004A14C7 /* XCRemoteSwiftPackageReference "MailCover" */;
			productName = MailCover;
		};
/* End XCSwiftPackageProductDependency section */
	};
	rootObject = F33708972DD93A01006834F8 /* Project object */;
}
