// !$*UTF8*$!
{
	archiveVersion = 1;
	classes = {
	};
	objectVersion = 100;
	objects = {

/* Begin PBXBuildFile section */
		F31D32242DDD265A00E7B121 /* SafariCover in Frameworks */ = {isa = PBXBuildFile; productRef = F31D32232DDD265A00E7B121 /* SafariCover */; };
		F3242A272DDDD1FB000A16E8 /* ScrechKit in Frameworks */ = {isa = PBXBuildFile; productRef = F3242A262DDDD1FB000A16E8 /* ScrechKit */; };
		F3242A292DDDD201000A16E8 /* Kingfisher in Frameworks */ = {isa = PBXBuildFile; productRef = F3242A282DDDD201000A16E8 /* Kingfisher */; };
		F3242A2B2DDDD20F000A16E8 /* AppStoreConnect-Swift-SDK in Frameworks */ = {isa = PBXBuildFile; productRef = F3242A2A2DDDD20F000A16E8 /* AppStoreConnect-Swift-SDK */; };
		F3242A2D2DDDD22C000A16E8 /* MailCover in Frameworks */ = {isa = PBXBuildFile; productRef = F3242A2C2DDDD22C000A16E8 /* MailCover */; };
		F3242A2F2DDDD239000A16E8 /* SafariCover in Frameworks */ = {isa = PBXBuildFile; productRef = F3242A2E2DDDD239000A16E8 /* SafariCover */; };
		F372227E2ECFD93D00CCE9EE /* ScrechKit in Frameworks */ = {isa = PBXBuildFile; productRef = F372227D2ECFD93D00CCE9EE /* ScrechKit */; };
		F37222802ECFD96400CCE9EE /* Appearance in Frameworks */ = {isa = PBXBuildFile; productRef = F372227F2ECFD96400CCE9EE /* Appearance */; };
		F376E1942DDA47BB00D98252 /* ScrechKit in Frameworks */ = {isa = PBXBuildFile; productRef = F376E1932DDA47BB00D98252 /* ScrechKit */; };
		F3A36EA52DDA47E200733D6D /* Kingfisher in Frameworks */ = {isa = PBXBuildFile; productRef = F3A36EA42DDA47E200733D6D /* Kingfisher */; };
		F3A7CDE22E87D60400F08890 /* Appearance in Frameworks */ = {isa = PBXBuildFile; productRef = F3A7CDE12E87D60400F08890 /* Appearance */; };
		F3E0D1B02DDA778A004A14C7 /* AppStoreConnect-Swift-SDK in Frameworks */ = {isa = PBXBuildFile; productRef = F3E0D1AF2DDA778A004A14C7 /* AppStoreConnect-Swift-SDK */; };
		F3E0D1D52DDB3B51004A14C7 /* MailCover in Frameworks */ = {isa = PBXBuildFile; productRef = F3E0D1D42DDB3B51004A14C7 /* MailCover */; };
/* End PBXBuildFile section */

/* Begin PBXContainerItemProxy section */
		F3721A3C2ECFD00C00CCE9EE /* PBXContainerItemProxy */ = {
			isa = PBXContainerItemProxy;
			containerPortal = F33708972DD93A01006834F8 /* Project object */;
			proxyType = 1;
			remoteGlobalIDString = F32A1AEE2ECB958400BE176C;
			remoteInfo = macOS;
		};
/* End PBXContainerItemProxy section */

/* Begin PBXCopyFilesBuildPhase section */
		F376E1522DD9C4E500D98252 /* Embed Frameworks */ = {
			isa = PBXCopyFilesBuildPhase;
			dstPath = "";
			dstSubfolder = Frameworks;
			files = (
			);
			name = "Embed Frameworks";
		};
/* End PBXCopyFilesBuildPhase section */

/* Begin PBXFileReference section */
		F32429E72DDDD018000A16E8 /* visionOS.app */ = {isa = PBXFileReference; explicitFileType = wrapper.application; includeInIndex = 0; path = visionOS.app; sourceTree = BUILT_PRODUCTS_DIR; };
		F32A1AEF2ECB958400BE176C /* macOS.app */ = {isa = PBXFileReference; explicitFileType = wrapper.application; includeInIndex = 0; path = macOS.app; sourceTree = BUILT_PRODUCTS_DIR; };
		F337089F2DD93A01006834F8 /* iOS.app */ = {isa = PBXFileReference; explicitFileType = wrapper.application; includeInIndex = 0; path = iOS.app; sourceTree = BUILT_PRODUCTS_DIR; };
		F34050492F24C78100E8CDAE /* AGENTS.md */ = {isa = PBXFileReference; lastKnownFileType = net.daringfireball.markdown; path = AGENTS.md; sourceTree = "<group>"; };
		F3721A382ECFD00C00CCE9EE /* Unit Tests.xctest */ = {isa = PBXFileReference; explicitFileType = wrapper.cfbundle; includeInIndex = 0; path = "Unit Tests.xctest"; sourceTree = BUILT_PRODUCTS_DIR; };
		F3AE99E12E2F88AA00D70249 /* README.md */ = {isa = PBXFileReference; lastKnownFileType = net.daringfireball.markdown; path = README.md; sourceTree = "<group>"; };
		F3C1C3FF2F48FCFF00D3D257 /* LICENSE.txt */ = {isa = PBXFileReference; lastKnownFileType = text; path = LICENSE.txt; sourceTree = "<group>"; };
/* End PBXFileReference section */

/* Begin PBXFileSystemSynchronizedBuildFileExceptionSet section */
		F32A1B032ECBD6BC00BE176C /* Exceptions for "visionOS" folder in "visionOS" target */ = {
			isa = PBXFileSystemSynchronizedBuildFileExceptionSet;
			membershipExceptions = (
				Assets.xcassets,
			);
			target = F32429E62DDDD018000A16E8 /* visionOS */;
		};
		F32A1C7A2ECC5EB100BE176C /* Exceptions for "CI-CD" folder in "visionOS" target */ = {
			isa = PBXFileSystemSynchronizedBuildFileExceptionSet;
			membershipExceptions = (
				AppIcon.icon,
				iOS.plist,
				Localizable.xcstrings,
			);
			target = F32429E62DDDD018000A16E8 /* visionOS */;
		};
		F32A1C7B2ECC5EB100BE176C /* Exceptions for "CI-CD" folder in "macOS" target */ = {
			isa = PBXFileSystemSynchronizedBuildFileExceptionSet;
			membershipExceptions = (
				AppIcon.icon,
				Assets.xcassets,
				Utils/HomeViewTab.swift,
			);
			target = F32A1AEE2ECB958400BE176C /* macOS */;
		};
		F3721A452ECFD02900CCE9EE /* Exceptions for "CI-CD" folder in "Unit Tests" target */ = {
			isa = PBXFileSystemSynchronizedBuildFileExceptionSet;
			membershipExceptions = (
				Coolify/Models/CoolifyApp.swift,
				Coolify/Models/CoolifyDatabase.swift,
				Coolify/Models/CoolifyDeployment.swift,
				Coolify/Models/CoolifyProject.swift,
				Coolify/Models/CoolifyProjectEnv.swift,
				Utils/CoolifyAPIEndpoint.swift,
				Utils/HomeViewTab.swift,
				Utils/ValueStore.swift,
			);
			target = F3721A372ECFD00C00CCE9EE /* Unit Tests */;
		};
		F3EB9C622F298F3F00AF831A /* Exceptions for "CI-CD" folder in "iOS" target */ = {
			isa = PBXFileSystemSynchronizedBuildFileExceptionSet;
			membershipExceptions = (
				iOS.plist,
			);
			target = F337089E2DD93A01006834F8 /* iOS */;
		};
/* End PBXFileSystemSynchronizedBuildFileExceptionSet section */

/* Begin PBXFileSystemSynchronizedRootGroup section */
		F32A1AF02ECB958400BE176C /* macOS */ = {
			isa = PBXFileSystemSynchronizedRootGroup;
			path = macOS;
			sourceTree = "<group>";
		};
		F32A1B012ECBD6BC00BE176C /* visionOS */ = {
			isa = PBXFileSystemSynchronizedRootGroup;
			exceptions = (
				F32A1B032ECBD6BC00BE176C /* Exceptions for "visionOS" folder in "visionOS" target */,
			);
			path = visionOS;
			sourceTree = "<group>";
		};
		F32A1C032ECC5EB100BE176C /* CI-CD */ = {
			isa = PBXFileSystemSynchronizedRootGroup;
			exceptions = (
				F3EB9C622F298F3F00AF831A /* Exceptions for "CI-CD" folder in "iOS" target */,
				F32A1C7A2ECC5EB100BE176C /* Exceptions for "CI-CD" folder in "visionOS" target */,
				F32A1C7B2ECC5EB100BE176C /* Exceptions for "CI-CD" folder in "macOS" target */,
				F3721A452ECFD02900CCE9EE /* Exceptions for "CI-CD" folder in "Unit Tests" target */,
			);
			path = "CI-CD";
			sourceTree = "<group>";
		};
		F3721A392ECFD00C00CCE9EE /* Unit Tests */ = {
			isa = PBXFileSystemSynchronizedRootGroup;
			path = "Unit Tests";
			sourceTree = "<group>";
		};
/* End PBXFileSystemSynchronizedRootGroup section */

/* Begin PBXFrameworksBuildPhase section */
		F32429E42DDDD018000A16E8 /* Frameworks */ = {
			isa = PBXFrameworksBuildPhase;
			files = (
				F3242A292DDDD201000A16E8 /* Kingfisher in Frameworks */,
				F3242A272DDDD1FB000A16E8 /* ScrechKit in Frameworks */,
				F3242A2F2DDDD239000A16E8 /* SafariCover in Frameworks */,
				F3242A2B2DDDD20F000A16E8 /* AppStoreConnect-Swift-SDK in Frameworks */,
				F3242A2D2DDDD22C000A16E8 /* MailCover in Frameworks */,
			);
		};
		F32A1AEC2ECB958400BE176C /* Frameworks */ = {
			isa = PBXFrameworksBuildPhase;
			files = (
				F372227E2ECFD93D00CCE9EE /* ScrechKit in Frameworks */,
			);
		};
		F337089C2DD93A01006834F8 /* Frameworks */ = {
			isa = PBXFrameworksBuildPhase;
			files = (
				F3A36EA52DDA47E200733D6D /* Kingfisher in Frameworks */,
				F3E0D1B02DDA778A004A14C7 /* AppStoreConnect-Swift-SDK in Frameworks */,
				F31D32242DDD265A00E7B121 /* SafariCover in Frameworks */,
				F376E1942DDA47BB00D98252 /* ScrechKit in Frameworks */,
				F3A7CDE22E87D60400F08890 /* Appearance in Frameworks */,
				F3E0D1D52DDB3B51004A14C7 /* MailCover in Frameworks */,
			);
		};
		F3721A352ECFD00C00CCE9EE /* Frameworks */ = {
			isa = PBXFrameworksBuildPhase;
			files = (
				F37222802ECFD96400CCE9EE /* Appearance in Frameworks */,
			);
		};
/* End PBXFrameworksBuildPhase section */

/* Begin PBXGroup section */
		F3242A252DDDD1FB000A16E8 /* Frameworks */ = {
			isa = PBXGroup;
			children = (
			);
			name = Frameworks;
			sourceTree = "<group>";
		};
		F33708962DD93A01006834F8 = {
			isa = PBXGroup;
			children = (
				F34050492F24C78100E8CDAE /* AGENTS.md */,
				F3AE99E12E2F88AA00D70249 /* README.md */,
				F3C1C3FF2F48FCFF00D3D257 /* LICENSE.txt */,
				F32A1C032ECC5EB100BE176C /* CI-CD */,
				F32A1B012ECBD6BC00BE176C /* visionOS */,
				F32A1AF02ECB958400BE176C /* macOS */,
				F3721A392ECFD00C00CCE9EE /* Unit Tests */,
				F3242A252DDDD1FB000A16E8 /* Frameworks */,
				F33708A02DD93A01006834F8 /* Products */,
			);
			sourceTree = "<group>";
		};
		F33708A02DD93A01006834F8 /* Products */ = {
			isa = PBXGroup;
			children = (
				F337089F2DD93A01006834F8 /* iOS.app */,
				F32429E72DDDD018000A16E8 /* visionOS.app */,
				F32A1AEF2ECB958400BE176C /* macOS.app */,
				F3721A382ECFD00C00CCE9EE /* Unit Tests.xctest */,
			);
			name = Products;
			sourceTree = "<group>";
		};
/* End PBXGroup section */

/* Begin PBXNativeTarget section */
		F32429E62DDDD018000A16E8 /* visionOS */ = {
			isa = PBXNativeTarget;
			buildConfigurationList = F32429F72DDDD019000A16E8 /* Build configuration list for PBXNativeTarget "visionOS" */;
			buildPhases = (
				F32429E32DDDD018000A16E8 /* Sources */,
				F32429E42DDDD018000A16E8 /* Frameworks */,
				F32429E52DDDD018000A16E8 /* Resources */,
			);
			buildRules = (
			);
			fileSystemSynchronizedGroups = (
				F32A1C032ECC5EB100BE176C /* CI-CD */,
			);
			name = visionOS;
			packageProductDependencies = (
				F3242A262DDDD1FB000A16E8 /* ScrechKit */,
				F3242A282DDDD201000A16E8 /* Kingfisher */,
				F3242A2A2DDDD20F000A16E8 /* AppStoreConnect-Swift-SDK */,
				F3242A2C2DDDD22C000A16E8 /* MailCover */,
				F3242A2E2DDDD239000A16E8 /* SafariCover */,
			);
			productName = visionOS;
			productReference = F32429E72DDDD018000A16E8 /* visionOS.app */;
			productType = "com.apple.product-type.application";
		};
		F32A1AEE2ECB958400BE176C /* macOS */ = {
			isa = PBXNativeTarget;
			buildConfigurationList = F32A1AF72ECB958500BE176C /* Build configuration list for PBXNativeTarget "macOS" */;
			buildPhases = (
				F32A1AEB2ECB958400BE176C /* Sources */,
				F32A1AEC2ECB958400BE176C /* Frameworks */,
				F32A1AED2ECB958400BE176C /* Resources */,
			);
			buildRules = (
			);
			fileSystemSynchronizedGroups = (
				F32A1AF02ECB958400BE176C /* macOS */,
			);
			name = macOS;
			packageProductDependencies = (
				F372227D2ECFD93D00CCE9EE /* ScrechKit */,
			);
			productName = macOS;
			productReference = F32A1AEF2ECB958400BE176C /* macOS.app */;
			productType = "com.apple.product-type.application";
		};
		F337089E2DD93A01006834F8 /* iOS */ = {
			isa = PBXNativeTarget;
			buildConfigurationList = F33708AB2DD93A02006834F8 /* Build configuration list for PBXNativeTarget "iOS" */;
			buildPhases = (
				F337089B2DD93A01006834F8 /* Sources */,
				F337089C2DD93A01006834F8 /* Frameworks */,
				F337089D2DD93A01006834F8 /* Resources */,
				F376E1522DD9C4E500D98252 /* Embed Frameworks */,
			);
			buildRules = (
			);
			fileSystemSynchronizedGroups = (
				F32A1C032ECC5EB100BE176C /* CI-CD */,
			);
			name = iOS;
			packageProductDependencies = (
				F376E1932DDA47BB00D98252 /* ScrechKit */,
				F3A36EA42DDA47E200733D6D /* Kingfisher */,
				F3E0D1AF2DDA778A004A14C7 /* AppStoreConnect-Swift-SDK */,
				F3E0D1D42DDB3B51004A14C7 /* MailCover */,
				F31D32232DDD265A00E7B121 /* SafariCover */,
				F3A7CDE12E87D60400F08890 /* Appearance */,
			);
			productName = CD;
			productReference = F337089F2DD93A01006834F8 /* iOS.app */;
			productType = "com.apple.product-type.application";
		};
		F3721A372ECFD00C00CCE9EE /* Unit Tests */ = {
			isa = PBXNativeTarget;
			buildConfigurationList = F3721A402ECFD00C00CCE9EE /* Build configuration list for PBXNativeTarget "Unit Tests" */;
			buildPhases = (
				F3721A342ECFD00C00CCE9EE /* Sources */,
				F3721A352ECFD00C00CCE9EE /* Frameworks */,
				F3721A362ECFD00C00CCE9EE /* Resources */,
			);
			buildRules = (
			);
			dependencies = (
				F3721A3D2ECFD00C00CCE9EE /* PBXTargetDependency */,
			);
			fileSystemSynchronizedGroups = (
				F3721A392ECFD00C00CCE9EE /* Unit Tests */,
			);
			name = "Unit Tests";
			packageProductDependencies = (
				F372227F2ECFD96400CCE9EE /* Appearance */,
			);
			productName = "CI-CD Unit Tests";
			productReference = F3721A382ECFD00C00CCE9EE /* Unit Tests.xctest */;
			productType = "com.apple.product-type.bundle.unit-test";
		};
/* End PBXNativeTarget section */

/* Begin PBXProject section */
		F33708972DD93A01006834F8 /* Project object */ = {
			isa = PBXProject;
			attributes = {
				BuildIndependentTargetsInParallel = 1;
				LastSwiftUpdateCheck = 2620;
				LastUpgradeCheck = 2600;
				TargetAttributes = {
					F32429E62DDDD018000A16E8 = {
						CreatedOnToolsVersion = 16.4;
					};
					F32A1AEE2ECB958400BE176C = {
						CreatedOnToolsVersion = 26.2;
					};
					F337089E2DD93A01006834F8 = {
						CreatedOnToolsVersion = 16.4;
					};
					F3721A372ECFD00C00CCE9EE = {
						CreatedOnToolsVersion = 26.2;
						TestTargetID = F32A1AEE2ECB958400BE176C;
					};
				};
			};
			buildConfigurationList = F337089A2DD93A01006834F8 /* Build configuration list for PBXProject "CI-CD" */;
			developmentRegion = en;
			hasScannedForEncodings = 0;
			knownRegions = (
				en,
				Base,
				ru,
				nl,
			);
			mainGroup = F33708962DD93A01006834F8;
			minimizedProjectReferenceProxies = 1;
			packageReferences = (
				F376E1922DDA47BB00D98252 /* XCRemoteSwiftPackageReference "ScrechKit" */,
				F3A36EA32DDA47E200733D6D /* XCRemoteSwiftPackageReference "Kingfisher" */,
				F3E0D1AE2DDA778A004A14C7 /* XCRemoteSwiftPackageReference "appstoreconnect-swift-sdk" */,
				F3E0D1D32DDB3B51004A14C7 /* XCRemoteSwiftPackageReference "MailCover" */,
				F31D32222DDD265A00E7B121 /* XCRemoteSwiftPackageReference "SafariCover" */,
				F3A7CDE02E87D60300F08890 /* XCRemoteSwiftPackageReference "Appearance" */,
			);
			preferredProjectObjectVersion = 100;
			productRefGroup = F33708A02DD93A01006834F8 /* Products */;
			projectDirPath = "";
			projectRoot = "";
			targets = (
				F337089E2DD93A01006834F8 /* iOS */,
				F32429E62DDDD018000A16E8 /* visionOS */,
				F32A1AEE2ECB958400BE176C /* macOS */,
				F3721A372ECFD00C00CCE9EE /* Unit Tests */,
			);
		};
/* End PBXProject section */

/* Begin PBXResourcesBuildPhase section */
		F32429E52DDDD018000A16E8 /* Resources */ = {
			isa = PBXResourcesBuildPhase;
			files = (
			);
		};
		F32A1AED2ECB958400BE176C /* Resources */ = {
			isa = PBXResourcesBuildPhase;
			files = (
			);
		};
		F337089D2DD93A01006834F8 /* Resources */ = {
			isa = PBXResourcesBuildPhase;
			files = (
			);
		};
		F3721A362ECFD00C00CCE9EE /* Resources */ = {
			isa = PBXResourcesBuildPhase;
			files = (
			);
		};
/* End PBXResourcesBuildPhase section */

/* Begin PBXSourcesBuildPhase section */
		F32429E32DDDD018000A16E8 /* Sources */ = {
			isa = PBXSourcesBuildPhase;
			files = (
			);
		};
		F32A1AEB2ECB958400BE176C /* Sources */ = {
			isa = PBXSourcesBuildPhase;
			files = (
			);
		};
		F337089B2DD93A01006834F8 /* Sources */ = {
			isa = PBXSourcesBuildPhase;
			files = (
			);
		};
		F3721A342ECFD00C00CCE9EE /* Sources */ = {
			isa = PBXSourcesBuildPhase;
			files = (
			);
		};
/* End PBXSourcesBuildPhase section */

/* Begin PBXTargetDependency section */
		F3721A3D2ECFD00C00CCE9EE /* PBXTargetDependency */ = {
			isa = PBXTargetDependency;
			target = F32A1AEE2ECB958400BE176C /* macOS */;
			targetProxy = F3721A3C2ECFD00C00CCE9EE /* PBXContainerItemProxy */;
		};
/* End PBXTargetDependency section */

/* Begin XCBuildConfiguration section */
		F32429F42DDDD019000A16E8 /* Debug configuration for PBXNativeTarget "visionOS" */ = {
			isa = XCBuildConfiguration;
			buildSettings = {
				ASSETCATALOG_COMPILER_APPICON_NAME = AppIcon;
				ASSETCATALOG_COMPILER_GLOBAL_ACCENT_COLOR_NAME = AccentColor;
				CODE_SIGN_ENTITLEMENTS = visionOS/visionOS.entitlements;
				CODE_SIGN_STYLE = Automatic;
				DEVELOPMENT_TEAM = 8FQUA2F388;
				ENABLE_PREVIEWS = YES;
				GENERATE_INFOPLIST_FILE = YES;
				INFOPLIST_FILE = "$(TARGET_NAME)/visionOS.plist";
				INFOPLIST_KEY_CFBundleDisplayName = CI/CD;
				INFOPLIST_KEY_ITSAppUsesNonExemptEncryption = NO;
				LD_RUNPATH_SEARCH_PATHS = (
					"$(inherited)",
					"@executable_path/Frameworks",
				);
				PRODUCT_BUNDLE_IDENTIFIER = "dev.topscrech.CI-CD";
				PRODUCT_NAME = "$(TARGET_NAME)";
				SDKROOT = xros;
				SUPPORTED_PLATFORMS = "xros xrsimulator";
				SWIFT_DEFAULT_ACTOR_ISOLATION = MainActor;
				SWIFT_EMIT_LOC_STRINGS = YES;
				SWIFT_VERSION = 6.0;
				TARGETED_DEVICE_FAMILY = 7;
				XROS_DEPLOYMENT_TARGET = 2.0;
			};
			name = Debug;
		};
		F32429F52DDDD019000A16E8 /* Release configuration for PBXNativeTarget "visionOS" */ = {
			isa = XCBuildConfiguration;
			buildSettings = {
				ASSETCATALOG_COMPILER_APPICON_NAME = AppIcon;
				ASSETCATALOG_COMPILER_GLOBAL_ACCENT_COLOR_NAME = AccentColor;
				CODE_SIGN_ENTITLEMENTS = visionOS/visionOS.entitlements;
				CODE_SIGN_STYLE = Automatic;
				DEVELOPMENT_TEAM = 8FQUA2F388;
				ENABLE_PREVIEWS = YES;
				GENERATE_INFOPLIST_FILE = YES;
				INFOPLIST_FILE = "$(TARGET_NAME)/visionOS.plist";
				INFOPLIST_KEY_CFBundleDisplayName = CI/CD;
				INFOPLIST_KEY_ITSAppUsesNonExemptEncryption = NO;
				LD_RUNPATH_SEARCH_PATHS = (
					"$(inherited)",
					"@executable_path/Frameworks",
				);
				PRODUCT_BUNDLE_IDENTIFIER = "dev.topscrech.CI-CD";
				PRODUCT_NAME = "$(TARGET_NAME)";
				SDKROOT = xros;
				SUPPORTED_PLATFORMS = "xros xrsimulator";
				SWIFT_DEFAULT_ACTOR_ISOLATION = MainActor;
				SWIFT_EMIT_LOC_STRINGS = YES;
				SWIFT_VERSION = 6.0;
				TARGETED_DEVICE_FAMILY = 7;
				VALIDATE_PRODUCT = YES;
				XROS_DEPLOYMENT_TARGET = 2.0;
			};
			name = Release;
		};
		F32A1AF82ECB958500BE176C /* Debug configuration for PBXNativeTarget "macOS" */ = {
			isa = XCBuildConfiguration;
			buildSettings = {
				ASSETCATALOG_COMPILER_APPICON_NAME = AppIcon;
				ASSETCATALOG_COMPILER_GLOBAL_ACCENT_COLOR_NAME = AccentColor;
				CODE_SIGN_ENTITLEMENTS = macOS/macOS.entitlements;
				CODE_SIGN_STYLE = Automatic;
				COMBINE_HIDPI_IMAGES = YES;
				DEVELOPMENT_TEAM = 8FQUA2F388;
				ENABLE_APP_SANDBOX = YES;
				ENABLE_HARDENED_RUNTIME = YES;
				ENABLE_INCOMING_NETWORK_CONNECTIONS = NO;
				ENABLE_OUTGOING_NETWORK_CONNECTIONS = YES;
				ENABLE_PREVIEWS = YES;
				ENABLE_RESOURCE_ACCESS_AUDIO_INPUT = NO;
				ENABLE_RESOURCE_ACCESS_BLUETOOTH = NO;
				ENABLE_RESOURCE_ACCESS_CALENDARS = NO;
				ENABLE_RESOURCE_ACCESS_CAMERA = NO;
				ENABLE_RESOURCE_ACCESS_CONTACTS = NO;
				ENABLE_RESOURCE_ACCESS_LOCATION = NO;
				ENABLE_RESOURCE_ACCESS_PRINTING = NO;
				ENABLE_RESOURCE_ACCESS_USB = NO;
				ENABLE_USER_SELECTED_FILES = readonly;
				GENERATE_INFOPLIST_FILE = YES;
				INFOPLIST_KEY_CFBundleDisplayName = CI/CD;
				INFOPLIST_KEY_LSApplicationCategoryType = "public.app-category.developer-tools";
				INFOPLIST_KEY_NSHumanReadableCopyright = "";
				LD_RUNPATH_SEARCH_PATHS = (
					"$(inherited)",
					"@executable_path/../Frameworks",
				);
				MACOSX_DEPLOYMENT_TARGET = 15.0;
				PRODUCT_BUNDLE_IDENTIFIER = "dev.topscrech.CI-CD";
				PRODUCT_NAME = "$(TARGET_NAME)";
				REGISTER_APP_GROUPS = YES;
				SDKROOT = macosx;
				STRING_CATALOG_GENERATE_SYMBOLS = YES;
				SWIFT_APPROACHABLE_CONCURRENCY = YES;
				SWIFT_DEFAULT_ACTOR_ISOLATION = MainActor;
				SWIFT_EMIT_LOC_STRINGS = YES;
				SWIFT_UPCOMING_FEATURE_MEMBER_IMPORT_VISIBILITY = YES;
				SWIFT_VERSION = 5.0;
			};
			name = Debug;
		};
		F32A1AF92ECB958500BE176C /* Release configuration for PBXNativeTarget "macOS" */ = {
			isa = XCBuildConfiguration;
			buildSettings = {
				ASSETCATALOG_COMPILER_APPICON_NAME = AppIcon;
				ASSETCATALOG_COMPILER_GLOBAL_ACCENT_COLOR_NAME = AccentColor;
				CODE_SIGN_ENTITLEMENTS = macOS/macOS.entitlements;
				CODE_SIGN_STYLE = Automatic;
				COMBINE_HIDPI_IMAGES = YES;
				DEVELOPMENT_TEAM = 8FQUA2F388;
				ENABLE_APP_SANDBOX = YES;
				ENABLE_HARDENED_RUNTIME = YES;
				ENABLE_INCOMING_NETWORK_CONNECTIONS = NO;
				ENABLE_OUTGOING_NETWORK_CONNECTIONS = YES;
				ENABLE_PREVIEWS = YES;
				ENABLE_RESOURCE_ACCESS_AUDIO_INPUT = NO;
				ENABLE_RESOURCE_ACCESS_BLUETOOTH = NO;
				ENABLE_RESOURCE_ACCESS_CALENDARS = NO;
				ENABLE_RESOURCE_ACCESS_CAMERA = NO;
				ENABLE_RESOURCE_ACCESS_CONTACTS = NO;
				ENABLE_RESOURCE_ACCESS_LOCATION = NO;
				ENABLE_RESOURCE_ACCESS_PRINTING = NO;
				ENABLE_RESOURCE_ACCESS_USB = NO;
				ENABLE_USER_SELECTED_FILES = readonly;
				GENERATE_INFOPLIST_FILE = YES;
				INFOPLIST_KEY_CFBundleDisplayName = CI/CD;
				INFOPLIST_KEY_LSApplicationCategoryType = "public.app-category.developer-tools";
				INFOPLIST_KEY_NSHumanReadableCopyright = "";
				LD_RUNPATH_SEARCH_PATHS = (
					"$(inherited)",
					"@executable_path/../Frameworks",
				);
				MACOSX_DEPLOYMENT_TARGET = 15.0;
				PRODUCT_BUNDLE_IDENTIFIER = "dev.topscrech.CI-CD";
				PRODUCT_NAME = "$(TARGET_NAME)";
				REGISTER_APP_GROUPS = YES;
				SDKROOT = macosx;
				STRING_CATALOG_GENERATE_SYMBOLS = YES;
				SWIFT_APPROACHABLE_CONCURRENCY = YES;
				SWIFT_DEFAULT_ACTOR_ISOLATION = MainActor;
				SWIFT_EMIT_LOC_STRINGS = YES;
				SWIFT_UPCOMING_FEATURE_MEMBER_IMPORT_VISIBILITY = YES;
				SWIFT_VERSION = 5.0;
			};
			name = Release;
		};
		F33708A92DD93A02006834F8 /* Debug configuration for PBXProject "CI-CD" */ = {
			isa = XCBuildConfiguration;
			buildSettings = {
				ALWAYS_SEARCH_USER_PATHS = NO;
				ASSETCATALOG_COMPILER_GENERATE_SWIFT_ASSET_SYMBOL_EXTENSIONS = YES;
				CLANG_ANALYZER_LOCALIZABILITY_NONLOCALIZED = YES;
				CLANG_ANALYZER_NONNULL = YES;
				CLANG_ANALYZER_NUMBER_OBJECT_CONVERSION = YES_AGGRESSIVE;
				CLANG_CXX_LANGUAGE_STANDARD = "gnu++20";
				CLANG_ENABLE_MODULES = YES;
				CLANG_ENABLE_OBJC_ARC = YES;
				CLANG_ENABLE_OBJC_WEAK = YES;
				CLANG_WARN_BLOCK_CAPTURE_AUTORELEASING = YES;
				CLANG_WARN_BOOL_CONVERSION = YES;
				CLANG_WARN_COMMA = YES;
				CLANG_WARN_CONSTANT_CONVERSION = YES;
				CLANG_WARN_DEPRECATED_OBJC_IMPLEMENTATIONS = YES;
				CLANG_WARN_DIRECT_OBJC_ISA_USAGE = YES_ERROR;
				CLANG_WARN_DOCUMENTATION_COMMENTS = YES;
				CLANG_WARN_EMPTY_BODY = YES;
				CLANG_WARN_ENUM_CONVERSION = YES;
				CLANG_WARN_INFINITE_RECURSION = YES;
				CLANG_WARN_INT_CONVERSION = YES;
				CLANG_WARN_NON_LITERAL_NULL_CONVERSION = YES;
				CLANG_WARN_OBJC_IMPLICIT_RETAIN_SELF = YES;
				CLANG_WARN_OBJC_LITERAL_CONVERSION = YES;
				CLANG_WARN_OBJC_ROOT_CLASS = YES_ERROR;
				CLANG_WARN_QUOTED_INCLUDE_IN_FRAMEWORK_HEADER = YES;
				CLANG_WARN_RANGE_LOOP_ANALYSIS = YES;
				CLANG_WARN_STRICT_PROTOTYPES = YES;
				CLANG_WARN_SUSPICIOUS_MOVE = YES;
				CLANG_WARN_UNGUARDED_AVAILABILITY = YES_AGGRESSIVE;
				CLANG_WARN_UNREACHABLE_CODE = YES;
				CLANG_WARN__DUPLICATE_METHOD_MATCH = YES;
				COPY_PHASE_STRIP = NO;
				CURRENT_PROJECT_VERSION = 0;
				DEAD_CODE_STRIPPING = YES;
				DEBUG_INFORMATION_FORMAT = dwarf;
				DEVELOPMENT_TEAM = 8FQUA2F388;
				ENABLE_STRICT_OBJC_MSGSEND = YES;
				ENABLE_TESTABILITY = YES;
				ENABLE_USER_SCRIPT_SANDBOXING = YES;
				GCC_C_LANGUAGE_STANDARD = gnu17;
				GCC_DYNAMIC_NO_PIC = NO;
				GCC_NO_COMMON_BLOCKS = YES;
				GCC_OPTIMIZATION_LEVEL = 0;
				GCC_PREPROCESSOR_DEFINITIONS = (
					"DEBUG=1",
					"$(inherited)",
				);
				GCC_WARN_64_TO_32_BIT_CONVERSION = YES;
				GCC_WARN_ABOUT_RETURN_TYPE = YES_ERROR;
				GCC_WARN_UNDECLARED_SELECTOR = YES;
				GCC_WARN_UNINITIALIZED_AUTOS = YES_AGGRESSIVE;
				GCC_WARN_UNUSED_FUNCTION = YES;
				GCC_WARN_UNUSED_VARIABLE = YES;
				LOCALIZATION_PREFERS_STRING_CATALOGS = YES;
				MARKETING_VERSION = 26.2.1;
				MTL_ENABLE_DEBUG_INFO = INCLUDE_SOURCE;
				MTL_FAST_MATH = YES;
				ONLY_ACTIVE_ARCH = YES;
				STRING_CATALOG_GENERATE_SYMBOLS = YES;
				SWIFT_ACTIVE_COMPILATION_CONDITIONS = "DEBUG $(inherited)";
				SWIFT_EMIT_LOC_STRINGS = YES;
				SWIFT_OPTIMIZATION_LEVEL = "-Onone";
			};
			name = Debug;
		};
		F33708AA2DD93A02006834F8 /* Release configuration for PBXProject "CI-CD" */ = {
			isa = XCBuildConfiguration;
			buildSettings = {
				ALWAYS_SEARCH_USER_PATHS = NO;
				ASSETCATALOG_COMPILER_GENERATE_SWIFT_ASSET_SYMBOL_EXTENSIONS = YES;
				CLANG_ANALYZER_LOCALIZABILITY_NONLOCALIZED = YES;
				CLANG_ANALYZER_NONNULL = YES;
				CLANG_ANALYZER_NUMBER_OBJECT_CONVERSION = YES_AGGRESSIVE;
				CLANG_CXX_LANGUAGE_STANDARD = "gnu++20";
				CLANG_ENABLE_MODULES = YES;
				CLANG_ENABLE_OBJC_ARC = YES;
				CLANG_ENABLE_OBJC_WEAK = YES;
				CLANG_WARN_BLOCK_CAPTURE_AUTORELEASING = YES;
				CLANG_WARN_BOOL_CONVERSION = YES;
				CLANG_WARN_COMMA = YES;
				CLANG_WARN_CONSTANT_CONVERSION = YES;
				CLANG_WARN_DEPRECATED_OBJC_IMPLEMENTATIONS = YES;
				CLANG_WARN_DIRECT_OBJC_ISA_USAGE = YES_ERROR;
				CLANG_WARN_DOCUMENTATION_COMMENTS = YES;
				CLANG_WARN_EMPTY_BODY = YES;
				CLANG_WARN_ENUM_CONVERSION = YES;
				CLANG_WARN_INFINITE_RECURSION = YES;
				CLANG_WARN_INT_CONVERSION = YES;
				CLANG_WARN_NON_LITERAL_NULL_CONVERSION = YES;
				CLANG_WARN_OBJC_IMPLICIT_RETAIN_SELF = YES;
				CLANG_WARN_OBJC_LITERAL_CONVERSION = YES;
				CLANG_WARN_OBJC_ROOT_CLASS = YES_ERROR;
				CLANG_WARN_QUOTED_INCLUDE_IN_FRAMEWORK_HEADER = YES;
				CLANG_WARN_RANGE_LOOP_ANALYSIS = YES;
				CLANG_WARN_STRICT_PROTOTYPES = YES;
				CLANG_WARN_SUSPICIOUS_MOVE = YES;
				CLANG_WARN_UNGUARDED_AVAILABILITY = YES_AGGRESSIVE;
				CLANG_WARN_UNREACHABLE_CODE = YES;
				CLANG_WARN__DUPLICATE_METHOD_MATCH = YES;
				COPY_PHASE_STRIP = NO;
				CURRENT_PROJECT_VERSION = 0;
				DEAD_CODE_STRIPPING = YES;
				DEBUG_INFORMATION_FORMAT = "dwarf-with-dsym";
				DEVELOPMENT_TEAM = 8FQUA2F388;
				ENABLE_NS_ASSERTIONS = NO;
				ENABLE_STRICT_OBJC_MSGSEND = YES;
				ENABLE_USER_SCRIPT_SANDBOXING = YES;
				GCC_C_LANGUAGE_STANDARD = gnu17;
				GCC_NO_COMMON_BLOCKS = YES;
				GCC_WARN_64_TO_32_BIT_CONVERSION = YES;
				GCC_WARN_ABOUT_RETURN_TYPE = YES_ERROR;
				GCC_WARN_UNDECLARED_SELECTOR = YES;
				GCC_WARN_UNINITIALIZED_AUTOS = YES_AGGRESSIVE;
				GCC_WARN_UNUSED_FUNCTION = YES;
				GCC_WARN_UNUSED_VARIABLE = YES;
				LOCALIZATION_PREFERS_STRING_CATALOGS = YES;
				MARKETING_VERSION = 26.2.1;
				MTL_ENABLE_DEBUG_INFO = NO;
				MTL_FAST_MATH = YES;
				STRING_CATALOG_GENERATE_SYMBOLS = YES;
				SWIFT_COMPILATION_MODE = wholemodule;
				SWIFT_EMIT_LOC_STRINGS = YES;
			};
			name = Release;
		};
		F33708AC2DD93A02006834F8 /* Debug configuration for PBXNativeTarget "iOS" */ = {
			isa = XCBuildConfiguration;
			buildSettings = {
				ASSETCATALOG_COMPILER_APPICON_NAME = AppIcon;
				ASSETCATALOG_COMPILER_GLOBAL_ACCENT_COLOR_NAME = AccentColor;
				CODE_SIGN_ENTITLEMENTS = "CI-CD/iOS.entitlements";
				CODE_SIGN_STYLE = Automatic;
				DEAD_CODE_STRIPPING = YES;
				DEVELOPMENT_TEAM = 8FQUA2F388;
				ENABLE_APP_SANDBOX = YES;
				ENABLE_HARDENED_RUNTIME = YES;
				ENABLE_OUTGOING_NETWORK_CONNECTIONS = YES;
				ENABLE_PREVIEWS = YES;
				ENABLE_USER_SELECTED_FILES = readonly;
				GENERATE_INFOPLIST_FILE = YES;
				INFOPLIST_FILE = "CI-CD/iOS.plist";
				INFOPLIST_KEY_CFBundleDisplayName = CI/CD;
				INFOPLIST_KEY_ITSAppUsesNonExemptEncryption = NO;
				INFOPLIST_KEY_LSApplicationCategoryType = "public.app-category.developer-tools";
				"INFOPLIST_KEY_UIApplicationSceneManifest_Generation[sdk=iphoneos*]" = YES;
				"INFOPLIST_KEY_UIApplicationSceneManifest_Generation[sdk=iphonesimulator*]" = YES;
				"INFOPLIST_KEY_UIApplicationSupportsIndirectInputEvents[sdk=iphoneos*]" = YES;
				"INFOPLIST_KEY_UIApplicationSupportsIndirectInputEvents[sdk=iphonesimulator*]" = YES;
				"INFOPLIST_KEY_UILaunchScreen_Generation[sdk=iphoneos*]" = YES;
				"INFOPLIST_KEY_UILaunchScreen_Generation[sdk=iphonesimulator*]" = YES;
				"INFOPLIST_KEY_UIStatusBarStyle[sdk=iphoneos*]" = UIStatusBarStyleDefault;
				"INFOPLIST_KEY_UIStatusBarStyle[sdk=iphonesimulator*]" = UIStatusBarStyleDefault;
				INFOPLIST_KEY_UISupportedInterfaceOrientations = "UIInterfaceOrientationLandscapeLeft UIInterfaceOrientationLandscapeRight UIInterfaceOrientationPortrait UIInterfaceOrientationPortraitUpsideDown";
				IPHONEOS_DEPLOYMENT_TARGET = 18.0;
				LD_RUNPATH_SEARCH_PATHS = "@executable_path/Frameworks";
				"LD_RUNPATH_SEARCH_PATHS[sdk=macosx*]" = "@executable_path/../Frameworks";
				MACOSX_DEPLOYMENT_TARGET = 15.0;
				PRODUCT_BUNDLE_IDENTIFIER = "dev.topscrech.CI-CD";
				PRODUCT_NAME = "$(TARGET_NAME)";
				REGISTER_APP_GROUPS = YES;
				SDKROOT = auto;
				SUPPORTED_PLATFORMS = "iphoneos iphonesimulator";
				SUPPORTS_MACCATALYST = NO;
				SWIFT_DEFAULT_ACTOR_ISOLATION = MainActor;
				SWIFT_EMIT_LOC_STRINGS = YES;
				SWIFT_VERSION = 6.0;
				TARGETED_DEVICE_FAMILY = "1,2";
				XROS_DEPLOYMENT_TARGET = 1.0;
			};
			name = Debug;
		};
		F33708AD2DD93A02006834F8 /* Release configuration for PBXNativeTarget "iOS" */ = {
			isa = XCBuildConfiguration;
			buildSettings = {
				ASSETCATALOG_COMPILER_APPICON_NAME = AppIcon;
				ASSETCATALOG_COMPILER_GLOBAL_ACCENT_COLOR_NAME = AccentColor;
				CODE_SIGN_ENTITLEMENTS = "CI-CD/iOS.entitlements";
				CODE_SIGN_STYLE = Automatic;
				DEAD_CODE_STRIPPING = YES;
				DEVELOPMENT_TEAM = 8FQUA2F388;
				ENABLE_APP_SANDBOX = YES;
				ENABLE_HARDENED_RUNTIME = YES;
				ENABLE_OUTGOING_NETWORK_CONNECTIONS = YES;
				ENABLE_PREVIEWS = YES;
				ENABLE_USER_SELECTED_FILES = readonly;
				GENERATE_INFOPLIST_FILE = YES;
				INFOPLIST_FILE = "CI-CD/iOS.plist";
				INFOPLIST_KEY_CFBundleDisplayName = CI/CD;
				INFOPLIST_KEY_ITSAppUsesNonExemptEncryption = NO;
				INFOPLIST_KEY_LSApplicationCategoryType = "public.app-category.developer-tools";
				"INFOPLIST_KEY_UIApplicationSceneManifest_Generation[sdk=iphoneos*]" = YES;
				"INFOPLIST_KEY_UIApplicationSceneManifest_Generation[sdk=iphonesimulator*]" = YES;
				"INFOPLIST_KEY_UIApplicationSupportsIndirectInputEvents[sdk=iphoneos*]" = YES;
				"INFOPLIST_KEY_UIApplicationSupportsIndirectInputEvents[sdk=iphonesimulator*]" = YES;
				"INFOPLIST_KEY_UILaunchScreen_Generation[sdk=iphoneos*]" = YES;
				"INFOPLIST_KEY_UILaunchScreen_Generation[sdk=iphonesimulator*]" = YES;
				"INFOPLIST_KEY_UIStatusBarStyle[sdk=iphoneos*]" = UIStatusBarStyleDefault;
				"INFOPLIST_KEY_UIStatusBarStyle[sdk=iphonesimulator*]" = UIStatusBarStyleDefault;
				INFOPLIST_KEY_UISupportedInterfaceOrientations = "UIInterfaceOrientationLandscapeLeft UIInterfaceOrientationLandscapeRight UIInterfaceOrientationPortrait UIInterfaceOrientationPortraitUpsideDown";
				IPHONEOS_DEPLOYMENT_TARGET = 18.0;
				LD_RUNPATH_SEARCH_PATHS = "@executable_path/Frameworks";
				"LD_RUNPATH_SEARCH_PATHS[sdk=macosx*]" = "@executable_path/../Frameworks";
				MACOSX_DEPLOYMENT_TARGET = 15.0;
				PRODUCT_BUNDLE_IDENTIFIER = "dev.topscrech.CI-CD";
				PRODUCT_NAME = "$(TARGET_NAME)";
				REGISTER_APP_GROUPS = YES;
				SDKROOT = auto;
				SUPPORTED_PLATFORMS = "iphoneos iphonesimulator";
				SUPPORTS_MACCATALYST = NO;
				SWIFT_DEFAULT_ACTOR_ISOLATION = MainActor;
				SWIFT_EMIT_LOC_STRINGS = YES;
				SWIFT_VERSION = 6.0;
				TARGETED_DEVICE_FAMILY = "1,2";
				XROS_DEPLOYMENT_TARGET = 1.0;
			};
			name = Release;
		};
		F3721A3E2ECFD00C00CCE9EE /* Debug configuration for PBXNativeTarget "Unit Tests" */ = {
			isa = XCBuildConfiguration;
			buildSettings = {
				BUNDLE_LOADER = "$(TEST_HOST)";
				CODE_SIGN_STYLE = Automatic;
				CURRENT_PROJECT_VERSION = 1;
				DEVELOPMENT_TEAM = 8FQUA2F388;
				GENERATE_INFOPLIST_FILE = YES;
				MACOSX_DEPLOYMENT_TARGET = 26.1;
				MARKETING_VERSION = 1.0;
				PRODUCT_BUNDLE_IDENTIFIER = "dev.topscrech.CI-CD-Unit-Tests";
				PRODUCT_NAME = "$(TARGET_NAME)";
				SDKROOT = macosx;
				STRING_CATALOG_GENERATE_SYMBOLS = NO;
				SWIFT_APPROACHABLE_CONCURRENCY = YES;
				SWIFT_EMIT_LOC_STRINGS = NO;
				SWIFT_UPCOMING_FEATURE_MEMBER_IMPORT_VISIBILITY = YES;
				SWIFT_VERSION = 5.0;
				TEST_HOST = "$(BUILT_PRODUCTS_DIR)/macOS.app/$(BUNDLE_EXECUTABLE_FOLDER_PATH)/macOS";
			};
			name = Debug;
		};
		F3721A3F2ECFD00C00CCE9EE /* Release configuration for PBXNativeTarget "Unit Tests" */ = {
			isa = XCBuildConfiguration;
			buildSettings = {
				BUNDLE_LOADER = "$(TEST_HOST)";
				CODE_SIGN_STYLE = Automatic;
				CURRENT_PROJECT_VERSION = 1;
				DEVELOPMENT_TEAM = 8FQUA2F388;
				GENERATE_INFOPLIST_FILE = YES;
				MACOSX_DEPLOYMENT_TARGET = 26.1;
				MARKETING_VERSION = 1.0;
				PRODUCT_BUNDLE_IDENTIFIER = "dev.topscrech.CI-CD-Unit-Tests";
				PRODUCT_NAME = "$(TARGET_NAME)";
				SDKROOT = macosx;
				STRING_CATALOG_GENERATE_SYMBOLS = NO;
				SWIFT_APPROACHABLE_CONCURRENCY = YES;
				SWIFT_EMIT_LOC_STRINGS = NO;
				SWIFT_UPCOMING_FEATURE_MEMBER_IMPORT_VISIBILITY = YES;
				SWIFT_VERSION = 5.0;
				TEST_HOST = "$(BUILT_PRODUCTS_DIR)/macOS.app/$(BUNDLE_EXECUTABLE_FOLDER_PATH)/macOS";
			};
			name = Release;
		};
/* End XCBuildConfiguration section */

/* Begin XCConfigurationList section */
		F32429F72DDDD019000A16E8 /* Build configuration list for PBXNativeTarget "visionOS" */ = {
			isa = XCConfigurationList;
			buildConfigurations = (
				F32429F42DDDD019000A16E8 /* Debug configuration for PBXNativeTarget "visionOS" */,
				F32429F52DDDD019000A16E8 /* Release configuration for PBXNativeTarget "visionOS" */,
			);
			defaultConfigurationName = Release;
		};
		F32A1AF72ECB958500BE176C /* Build configuration list for PBXNativeTarget "macOS" */ = {
			isa = XCConfigurationList;
			buildConfigurations = (
				F32A1AF82ECB958500BE176C /* Debug configuration for PBXNativeTarget "macOS" */,
				F32A1AF92ECB958500BE176C /* Release configuration for PBXNativeTarget "macOS" */,
			);
			defaultConfigurationName = Release;
		};
		F337089A2DD93A01006834F8 /* Build configuration list for PBXProject "CI-CD" */ = {
			isa = XCConfigurationList;
			buildConfigurations = (
				F33708A92DD93A02006834F8 /* Debug configuration for PBXProject "CI-CD" */,
				F33708AA2DD93A02006834F8 /* Release configuration for PBXProject "CI-CD" */,
			);
			defaultConfigurationName = Release;
		};
		F33708AB2DD93A02006834F8 /* Build configuration list for PBXNativeTarget "iOS" */ = {
			isa = XCConfigurationList;
			buildConfigurations = (
				F33708AC2DD93A02006834F8 /* Debug configuration for PBXNativeTarget "iOS" */,
				F33708AD2DD93A02006834F8 /* Release configuration for PBXNativeTarget "iOS" */,
			);
			defaultConfigurationName = Release;
		};
		F3721A402ECFD00C00CCE9EE /* Build configuration list for PBXNativeTarget "Unit Tests" */ = {
			isa = XCConfigurationList;
			buildConfigurations = (
				F3721A3E2ECFD00C00CCE9EE /* Debug configuration for PBXNativeTarget "Unit Tests" */,
				F3721A3F2ECFD00C00CCE9EE /* Release configuration for PBXNativeTarget "Unit Tests" */,
			);
			defaultConfigurationName = Release;
		};
/* End XCConfigurationList section */

/* Begin XCRemoteSwiftPackageReference section */
		F31D32222DDD265A00E7B121 /* XCRemoteSwiftPackageReference "SafariCover" */ = {
			isa = XCRemoteSwiftPackageReference;
			repositoryURL = "https://github.com/TopScrech/SafariCover";
			requirement = {
				branch = main;
				kind = branch;
			};
		};
		F376E1922DDA47BB00D98252 /* XCRemoteSwiftPackageReference "ScrechKit" */ = {
			isa = XCRemoteSwiftPackageReference;
			repositoryURL = "https://github.com/TopScrech/ScrechKit";
			requirement = {
				branch = main;
				kind = branch;
			};
		};
		F3A36EA32DDA47E200733D6D /* XCRemoteSwiftPackageReference "Kingfisher" */ = {
			isa = XCRemoteSwiftPackageReference;
			repositoryURL = "https://github.com/onevcat/Kingfisher";
			requirement = {
				kind = upToNextMajorVersion;
				minimumVersion = 8.3.2;
			};
		};
		F3A7CDE02E87D60300F08890 /* XCRemoteSwiftPackageReference "Appearance" */ = {
			isa = XCRemoteSwiftPackageReference;
			repositoryURL = "https://github.com/TopScrech/Appearance";
			requirement = {
				branch = main;
				kind = branch;
			};
		};
		F3E0D1AE2DDA778A004A14C7 /* XCRemoteSwiftPackageReference "appstoreconnect-swift-sdk" */ = {
			isa = XCRemoteSwiftPackageReference;
			repositoryURL = "https://github.com/AvdLee/appstoreconnect-swift-sdk";
			requirement = {
				kind = upToNextMajorVersion;
				minimumVersion = 4.0.0;
			};
		};
		F3E0D1D32DDB3B51004A14C7 /* XCRemoteSwiftPackageReference "MailCover" */ = {
			isa = XCRemoteSwiftPackageReference;
			repositoryURL = "https://github.com/TopScrech/MailCover";
			requirement = {
				branch = main;
				kind = branch;
			};
		};
/* End XCRemoteSwiftPackageReference section */

/* Begin XCSwiftPackageProductDependency section */
		F31D32232DDD265A00E7B121 /* SafariCover */ = {
			isa = XCSwiftPackageProductDependency;
			package = F31D32222DDD265A00E7B121 /* XCRemoteSwiftPackageReference "SafariCover" */;
			productName = SafariCover;
		};
		F3242A262DDDD1FB000A16E8 /* ScrechKit */ = {
			isa = XCSwiftPackageProductDependency;
			package = F376E1922DDA47BB00D98252 /* XCRemoteSwiftPackageReference "ScrechKit" */;
			productName = ScrechKit;
		};
		F3242A282DDDD201000A16E8 /* Kingfisher */ = {
			isa = XCSwiftPackageProductDependency;
			package = F3A36EA32DDA47E200733D6D /* XCRemoteSwiftPackageReference "Kingfisher" */;
			productName = Kingfisher;
		};
		F3242A2A2DDDD20F000A16E8 /* AppStoreConnect-Swift-SDK */ = {
			isa = XCSwiftPackageProductDependency;
			package = F3E0D1AE2DDA778A004A14C7 /* XCRemoteSwiftPackageReference "appstoreconnect-swift-sdk" */;
			productName = "AppStoreConnect-Swift-SDK";
		};
		F3242A2C2DDDD22C000A16E8 /* MailCover */ = {
			isa = XCSwiftPackageProductDependency;
			package = F3E0D1D32DDB3B51004A14C7 /* XCRemoteSwiftPackageReference "MailCover" */;
			productName = MailCover;
		};
		F3242A2E2DDDD239000A16E8 /* SafariCover */ = {
			isa = XCSwiftPackageProductDependency;
			package = F31D32222DDD265A00E7B121 /* XCRemoteSwiftPackageReference "SafariCover" */;
			productName = SafariCover;
		};
		F372227D2ECFD93D00CCE9EE /* ScrechKit */ = {
			isa = XCSwiftPackageProductDependency;
			package = F376E1922DDA47BB00D98252 /* XCRemoteSwiftPackageReference "ScrechKit" */;
			productName = ScrechKit;
		};
		F372227F2ECFD96400CCE9EE /* Appearance */ = {
			isa = XCSwiftPackageProductDependency;
			package = F3A7CDE02E87D60300F08890 /* XCRemoteSwiftPackageReference "Appearance" */;
			productName = Appearance;
		};
		F376E1932DDA47BB00D98252 /* ScrechKit */ = {
			isa = XCSwiftPackageProductDependency;
			package = F376E1922DDA47BB00D98252 /* XCRemoteSwiftPackageReference "ScrechKit" */;
			productName = ScrechKit;
		};
		F3A36EA42DDA47E200733D6D /* Kingfisher */ = {
			isa = XCSwiftPackageProductDependency;
			package = F3A36EA32DDA47E200733D6D /* XCRemoteSwiftPackageReference "Kingfisher" */;
			productName = Kingfisher;
		};
		F3A7CDE12E87D60400F08890 /* Appearance */ = {
			isa = XCSwiftPackageProductDependency;
			package = F3A7CDE02E87D60300F08890 /* XCRemoteSwiftPackageReference "Appearance" */;
			productName = Appearance;
		};
		F3E0D1AF2DDA778A004A14C7 /* AppStoreConnect-Swift-SDK */ = {
			isa = XCSwiftPackageProductDependency;
			package = F3E0D1AE2DDA778A004A14C7 /* XCRemoteSwiftPackageReference "appstoreconnect-swift-sdk" */;
			productName = "AppStoreConnect-Swift-SDK";
		};
		F3E0D1D42DDB3B51004A14C7 /* MailCover */ = {
			isa = XCSwiftPackageProductDependency;
			package = F3E0D1D32DDB3B51004A14C7 /* XCRemoteSwiftPackageReference "MailCover" */;
			productName = MailCover;
		};
/* End XCSwiftPackageProductDependency section */
	};
	rootObject = F33708972DD93A01006834F8 /* Project object */;
}
